// !$*UTF8*$!
{
	archiveVersion = 1;
	classes = {
	};
	objectVersion = 46;
	objects = {

/* Begin PBXBuildFile section */
		221756CA154507F900C559BE /* QuartzCore.framework in Frameworks */ = {isa = PBXBuildFile; fileRef = 221756C9154507F900C559BE /* QuartzCore.framework */; };
		221756CC154507F900C559BE /* OpenGLES.framework in Frameworks */ = {isa = PBXBuildFile; fileRef = 221756CB154507F900C559BE /* OpenGLES.framework */; };
		221756CE154507F900C559BE /* OpenAL.framework in Frameworks */ = {isa = PBXBuildFile; fileRef = 221756CD154507F900C559BE /* OpenAL.framework */; };
		221756D0154507F900C559BE /* AudioToolbox.framework in Frameworks */ = {isa = PBXBuildFile; fileRef = 221756CF154507F900C559BE /* AudioToolbox.framework */; };
		221756D2154507F900C559BE /* AVFoundation.framework in Frameworks */ = {isa = PBXBuildFile; fileRef = 221756D1154507F900C559BE /* AVFoundation.framework */; };
		221756D4154507F900C559BE /* UIKit.framework in Frameworks */ = {isa = PBXBuildFile; fileRef = 221756D3154507F900C559BE /* UIKit.framework */; };
		221756D6154507F900C559BE /* Foundation.framework in Frameworks */ = {isa = PBXBuildFile; fileRef = 221756D5154507F900C559BE /* Foundation.framework */; };
		221756D8154507F900C559BE /* CoreGraphics.framework in Frameworks */ = {isa = PBXBuildFile; fileRef = 221756D7154507F900C559BE /* CoreGraphics.framework */; };
		221756DC154507F900C559BE /* Default.png in Resources */ = {isa = PBXBuildFile; fileRef = 221756DB154507F900C559BE /* Default.png */; };
		221756DE154507F900C559BE /* fps_images.png in Resources */ = {isa = PBXBuildFile; fileRef = 221756DD154507F900C559BE /* fps_images.png */; };
		221756E0154507F900C559BE /* Icon-72.png in Resources */ = {isa = PBXBuildFile; fileRef = 221756DF154507F900C559BE /* Icon-72.png */; };
		221756E2154507F900C559BE /* Icon-Small-50.png in Resources */ = {isa = PBXBuildFile; fileRef = 221756E1154507F900C559BE /* Icon-Small-50.png */; };
		221756E4154507F900C559BE /* Icon-Small.png in Resources */ = {isa = PBXBuildFile; fileRef = 221756E3154507F900C559BE /* Icon-Small.png */; };
		221756E6154507F900C559BE /* Icon-Small@2x.png in Resources */ = {isa = PBXBuildFile; fileRef = 221756E5154507F900C559BE /* Icon-Small@2x.png */; };
		221756E8154507F900C559BE /* Icon.png in Resources */ = {isa = PBXBuildFile; fileRef = 221756E7154507F900C559BE /* Icon.png */; };
		221756EA154507F900C559BE /* Icon@2x.png in Resources */ = {isa = PBXBuildFile; fileRef = 221756E9154507F900C559BE /* Icon@2x.png */; };
		221756ED154507F900C559BE /* iTunesArtwork in Resources */ = {isa = PBXBuildFile; fileRef = 221756EC154507F900C559BE /* iTunesArtwork */; };
		221756F2154507F900C559BE /* CCAction.m in Sources */ = {isa = PBXBuildFile; fileRef = 221756F1154507F900C559BE /* CCAction.m */; };
		221756F5154507F900C559BE /* CCActionCamera.m in Sources */ = {isa = PBXBuildFile; fileRef = 221756F4154507F900C559BE /* CCActionCamera.m */; };
		221756F8154507F900C559BE /* CCActionEase.m in Sources */ = {isa = PBXBuildFile; fileRef = 221756F7154507F900C559BE /* CCActionEase.m */; };
		221756FB154507F900C559BE /* CCActionGrid.m in Sources */ = {isa = PBXBuildFile; fileRef = 221756FA154507F900C559BE /* CCActionGrid.m */; };
		221756FE154507F900C559BE /* CCActionGrid3D.m in Sources */ = {isa = PBXBuildFile; fileRef = 221756FD154507F900C559BE /* CCActionGrid3D.m */; };
		22175701154507F900C559BE /* CCActionInstant.m in Sources */ = {isa = PBXBuildFile; fileRef = 22175700154507F900C559BE /* CCActionInstant.m */; };
		22175704154507F900C559BE /* CCActionInterval.m in Sources */ = {isa = PBXBuildFile; fileRef = 22175703154507F900C559BE /* CCActionInterval.m */; };
		22175707154507F900C559BE /* CCActionManager.m in Sources */ = {isa = PBXBuildFile; fileRef = 22175706154507F900C559BE /* CCActionManager.m */; };
		2217570A154507F900C559BE /* CCActionPageTurn3D.m in Sources */ = {isa = PBXBuildFile; fileRef = 22175709154507F900C559BE /* CCActionPageTurn3D.m */; };
		2217570D154507F900C559BE /* CCActionProgressTimer.m in Sources */ = {isa = PBXBuildFile; fileRef = 2217570C154507F900C559BE /* CCActionProgressTimer.m */; };
		22175710154507F900C559BE /* CCActionTiledGrid.m in Sources */ = {isa = PBXBuildFile; fileRef = 2217570F154507F900C559BE /* CCActionTiledGrid.m */; };
		22175713154507F900C559BE /* CCActionTween.m in Sources */ = {isa = PBXBuildFile; fileRef = 22175712154507F900C559BE /* CCActionTween.m */; };
		22175716154507F900C559BE /* CCAnimation.m in Sources */ = {isa = PBXBuildFile; fileRef = 22175715154507F900C559BE /* CCAnimation.m */; };
		22175719154507F900C559BE /* CCAnimationCache.m in Sources */ = {isa = PBXBuildFile; fileRef = 22175718154507F900C559BE /* CCAnimationCache.m */; };
		2217571C154507F900C559BE /* CCAtlasNode.m in Sources */ = {isa = PBXBuildFile; fileRef = 2217571B154507F900C559BE /* CCAtlasNode.m */; };
		2217571F154507F900C559BE /* CCBlockSupport.m in Sources */ = {isa = PBXBuildFile; fileRef = 2217571E154507F900C559BE /* CCBlockSupport.m */; };
		22175722154507F900C559BE /* CCCamera.m in Sources */ = {isa = PBXBuildFile; fileRef = 22175721154507F900C559BE /* CCCamera.m */; };
		22175726154507F900C559BE /* CCConfiguration.m in Sources */ = {isa = PBXBuildFile; fileRef = 22175725154507F900C559BE /* CCConfiguration.m */; };
		22175729154507F900C559BE /* CCDirector.m in Sources */ = {isa = PBXBuildFile; fileRef = 22175728154507F900C559BE /* CCDirector.m */; };
		2217572C154507F900C559BE /* CCDrawingPrimitives.m in Sources */ = {isa = PBXBuildFile; fileRef = 2217572B154507F900C559BE /* CCDrawingPrimitives.m */; };
		2217572F154507F900C559BE /* CCGrabber.m in Sources */ = {isa = PBXBuildFile; fileRef = 2217572E154507F900C559BE /* CCGrabber.m */; };
		22175732154507FA00C559BE /* CCGrid.m in Sources */ = {isa = PBXBuildFile; fileRef = 22175731154507FA00C559BE /* CCGrid.m */; };
		22175735154507FA00C559BE /* CCLabelAtlas.m in Sources */ = {isa = PBXBuildFile; fileRef = 22175734154507FA00C559BE /* CCLabelAtlas.m */; };
		22175738154507FA00C559BE /* CCLabelBMFont.m in Sources */ = {isa = PBXBuildFile; fileRef = 22175737154507FA00C559BE /* CCLabelBMFont.m */; };
		2217573B154507FA00C559BE /* CCLabelTTF.m in Sources */ = {isa = PBXBuildFile; fileRef = 2217573A154507FA00C559BE /* CCLabelTTF.m */; };
		2217573E154507FA00C559BE /* CCLayer.m in Sources */ = {isa = PBXBuildFile; fileRef = 2217573D154507FA00C559BE /* CCLayer.m */; };
		22175742154507FA00C559BE /* CCMenu.m in Sources */ = {isa = PBXBuildFile; fileRef = 22175741154507FA00C559BE /* CCMenu.m */; };
		22175745154507FA00C559BE /* CCMenuItem.m in Sources */ = {isa = PBXBuildFile; fileRef = 22175744154507FA00C559BE /* CCMenuItem.m */; };
		22175748154507FA00C559BE /* CCMotionStreak.m in Sources */ = {isa = PBXBuildFile; fileRef = 22175747154507FA00C559BE /* CCMotionStreak.m */; };
		2217574B154507FA00C559BE /* CCNode.m in Sources */ = {isa = PBXBuildFile; fileRef = 2217574A154507FA00C559BE /* CCNode.m */; };
		2217574E154507FA00C559BE /* CCParallaxNode.m in Sources */ = {isa = PBXBuildFile; fileRef = 2217574D154507FA00C559BE /* CCParallaxNode.m */; };
		22175751154507FA00C559BE /* CCParticleExamples.m in Sources */ = {isa = PBXBuildFile; fileRef = 22175750154507FA00C559BE /* CCParticleExamples.m */; };
		22175754154507FA00C559BE /* CCParticleSystem.m in Sources */ = {isa = PBXBuildFile; fileRef = 22175753154507FA00C559BE /* CCParticleSystem.m */; };
		22175757154507FA00C559BE /* CCParticleSystemPoint.m in Sources */ = {isa = PBXBuildFile; fileRef = 22175756154507FA00C559BE /* CCParticleSystemPoint.m */; };
		2217575A154507FA00C559BE /* CCParticleSystemQuad.m in Sources */ = {isa = PBXBuildFile; fileRef = 22175759154507FA00C559BE /* CCParticleSystemQuad.m */; };
		2217575D154507FA00C559BE /* CCProgressTimer.m in Sources */ = {isa = PBXBuildFile; fileRef = 2217575C154507FA00C559BE /* CCProgressTimer.m */; };
		22175761154507FA00C559BE /* CCRenderTexture.m in Sources */ = {isa = PBXBuildFile; fileRef = 22175760154507FA00C559BE /* CCRenderTexture.m */; };
		22175764154507FA00C559BE /* CCRibbon.m in Sources */ = {isa = PBXBuildFile; fileRef = 22175763154507FA00C559BE /* CCRibbon.m */; };
		22175767154507FA00C559BE /* CCScene.m in Sources */ = {isa = PBXBuildFile; fileRef = 22175766154507FA00C559BE /* CCScene.m */; };
		2217576A154507FA00C559BE /* CCScheduler.m in Sources */ = {isa = PBXBuildFile; fileRef = 22175769154507FA00C559BE /* CCScheduler.m */; };
		2217576D154507FA00C559BE /* CCSprite.m in Sources */ = {isa = PBXBuildFile; fileRef = 2217576C154507FA00C559BE /* CCSprite.m */; };
		22175770154507FA00C559BE /* CCSpriteBatchNode.m in Sources */ = {isa = PBXBuildFile; fileRef = 2217576F154507FA00C559BE /* CCSpriteBatchNode.m */; };
		22175773154507FA00C559BE /* CCSpriteFrame.m in Sources */ = {isa = PBXBuildFile; fileRef = 22175772154507FA00C559BE /* CCSpriteFrame.m */; };
		22175776154507FA00C559BE /* CCSpriteFrameCache.m in Sources */ = {isa = PBXBuildFile; fileRef = 22175775154507FA00C559BE /* CCSpriteFrameCache.m */; };
		22175779154507FA00C559BE /* CCTexture2D.m in Sources */ = {isa = PBXBuildFile; fileRef = 22175778154507FA00C559BE /* CCTexture2D.m */; };
		2217577C154507FA00C559BE /* CCTextureAtlas.m in Sources */ = {isa = PBXBuildFile; fileRef = 2217577B154507FA00C559BE /* CCTextureAtlas.m */; };
		2217577F154507FA00C559BE /* CCTextureCache.m in Sources */ = {isa = PBXBuildFile; fileRef = 2217577E154507FA00C559BE /* CCTextureCache.m */; };
		22175782154507FA00C559BE /* CCTexturePVR.m in Sources */ = {isa = PBXBuildFile; fileRef = 22175781154507FA00C559BE /* CCTexturePVR.m */; };
		22175785154507FA00C559BE /* CCTileMapAtlas.m in Sources */ = {isa = PBXBuildFile; fileRef = 22175784154507FA00C559BE /* CCTileMapAtlas.m */; };
		22175788154507FA00C559BE /* CCTMXLayer.m in Sources */ = {isa = PBXBuildFile; fileRef = 22175787154507FA00C559BE /* CCTMXLayer.m */; };
		2217578B154507FA00C559BE /* CCTMXObjectGroup.m in Sources */ = {isa = PBXBuildFile; fileRef = 2217578A154507FA00C559BE /* CCTMXObjectGroup.m */; };
		2217578E154507FA00C559BE /* CCTMXTiledMap.m in Sources */ = {isa = PBXBuildFile; fileRef = 2217578D154507FA00C559BE /* CCTMXTiledMap.m */; };
		22175791154507FA00C559BE /* CCTMXXMLParser.m in Sources */ = {isa = PBXBuildFile; fileRef = 22175790154507FA00C559BE /* CCTMXXMLParser.m */; };
		22175794154507FA00C559BE /* CCTransition.m in Sources */ = {isa = PBXBuildFile; fileRef = 22175793154507FA00C559BE /* CCTransition.m */; };
		22175797154507FA00C559BE /* CCTransitionPageTurn.m in Sources */ = {isa = PBXBuildFile; fileRef = 22175796154507FA00C559BE /* CCTransitionPageTurn.m */; };
		2217579A154507FA00C559BE /* CCTransitionRadial.m in Sources */ = {isa = PBXBuildFile; fileRef = 22175799154507FA00C559BE /* CCTransitionRadial.m */; };
		2217579E154507FB00C559BE /* cocos2d.m in Sources */ = {isa = PBXBuildFile; fileRef = 2217579D154507FB00C559BE /* cocos2d.m */; };
		221757A5154507FB00C559BE /* CCDirectorIOS.m in Sources */ = {isa = PBXBuildFile; fileRef = 221757A4154507FB00C559BE /* CCDirectorIOS.m */; };
		221757A9154507FB00C559BE /* CCTouchDispatcher.m in Sources */ = {isa = PBXBuildFile; fileRef = 221757A8154507FB00C559BE /* CCTouchDispatcher.m */; };
		221757AC154507FB00C559BE /* CCTouchHandler.m in Sources */ = {isa = PBXBuildFile; fileRef = 221757AB154507FB00C559BE /* CCTouchHandler.m */; };
		221757AF154507FB00C559BE /* EAGLView.m in Sources */ = {isa = PBXBuildFile; fileRef = 221757AE154507FB00C559BE /* EAGLView.m */; };
		221757B2154507FB00C559BE /* ES1Renderer.m in Sources */ = {isa = PBXBuildFile; fileRef = 221757B1154507FB00C559BE /* ES1Renderer.m */; };
		221757B5154507FB00C559BE /* glu.c in Sources */ = {isa = PBXBuildFile; fileRef = 221757B4154507FB00C559BE /* glu.c */; };
		221757BA154507FB00C559BE /* CCDirectorMac.m in Sources */ = {isa = PBXBuildFile; fileRef = 221757B9154507FB00C559BE /* CCDirectorMac.m */; };
		221757BD154507FB00C559BE /* CCEventDispatcher.m in Sources */ = {isa = PBXBuildFile; fileRef = 221757BC154507FB00C559BE /* CCEventDispatcher.m */; };
		221757C0154507FB00C559BE /* MacGLView.m in Sources */ = {isa = PBXBuildFile; fileRef = 221757BF154507FB00C559BE /* MacGLView.m */; };
		221757C3154507FB00C559BE /* MacWindow.m in Sources */ = {isa = PBXBuildFile; fileRef = 221757C2154507FB00C559BE /* MacWindow.m */; };
		221757C6154507FB00C559BE /* base64.c in Sources */ = {isa = PBXBuildFile; fileRef = 221757C5154507FB00C559BE /* base64.c */; };
		221757CA154507FB00C559BE /* CCArray.m in Sources */ = {isa = PBXBuildFile; fileRef = 221757C9154507FB00C559BE /* CCArray.m */; };
		221757CE154507FB00C559BE /* CCFileUtils.m in Sources */ = {isa = PBXBuildFile; fileRef = 221757CD154507FB00C559BE /* CCFileUtils.m */; };
		221757D1154507FB00C559BE /* CCProfiling.m in Sources */ = {isa = PBXBuildFile; fileRef = 221757D0154507FB00C559BE /* CCProfiling.m */; };
		221757D3154507FB00C559BE /* ccUtils.c in Sources */ = {isa = PBXBuildFile; fileRef = 221757D2154507FB00C559BE /* ccUtils.c */; };
		221757D7154507FB00C559BE /* CGPointExtension.m in Sources */ = {isa = PBXBuildFile; fileRef = 221757D6154507FB00C559BE /* CGPointExtension.m */; };
		221757DB154507FB00C559BE /* TGAlib.m in Sources */ = {isa = PBXBuildFile; fileRef = 221757DA154507FB00C559BE /* TGAlib.m */; };
		221757DE154507FB00C559BE /* TransformUtils.m in Sources */ = {isa = PBXBuildFile; fileRef = 221757DD154507FB00C559BE /* TransformUtils.m */; };
		221757E3154507FB00C559BE /* ZipUtils.m in Sources */ = {isa = PBXBuildFile; fileRef = 221757E2154507FB00C559BE /* ZipUtils.m */; };
		221757E8154507FB00C559BE /* CDAudioManager.m in Sources */ = {isa = PBXBuildFile; fileRef = 221757E7154507FB00C559BE /* CDAudioManager.m */; };
		221757EC154507FB00C559BE /* CDOpenALSupport.m in Sources */ = {isa = PBXBuildFile; fileRef = 221757EB154507FB00C559BE /* CDOpenALSupport.m */; };
		221757EF154507FB00C559BE /* CocosDenshion.m in Sources */ = {isa = PBXBuildFile; fileRef = 221757EE154507FB00C559BE /* CocosDenshion.m */; };
		221757F2154507FB00C559BE /* SimpleAudioEngine.m in Sources */ = {isa = PBXBuildFile; fileRef = 221757F1154507FB00C559BE /* SimpleAudioEngine.m */; };
		221757F7154507FB00C559BE /* CLScoreServerPost.m in Sources */ = {isa = PBXBuildFile; fileRef = 221757F6154507FB00C559BE /* CLScoreServerPost.m */; };
		221757FA154507FB00C559BE /* CLScoreServerRequest.m in Sources */ = {isa = PBXBuildFile; fileRef = 221757F9154507FB00C559BE /* CLScoreServerRequest.m */; };
		221757FD154507FB00C559BE /* cocoslive.m in Sources */ = {isa = PBXBuildFile; fileRef = 221757FC154507FB00C559BE /* cocoslive.m */; };
		22175802154507FB00C559BE /* CDataScanner.m in Sources */ = {isa = PBXBuildFile; fileRef = 22175801154507FB00C559BE /* CDataScanner.m */; };
		22175806154507FB00C559BE /* CDataScanner_Extensions.m in Sources */ = {isa = PBXBuildFile; fileRef = 22175805154507FB00C559BE /* CDataScanner_Extensions.m */; };
		22175809154507FB00C559BE /* NSDictionary_JSONExtensions.m in Sources */ = {isa = PBXBuildFile; fileRef = 22175808154507FB00C559BE /* NSDictionary_JSONExtensions.m */; };
		2217580D154507FB00C559BE /* CJSONDeserializer.m in Sources */ = {isa = PBXBuildFile; fileRef = 2217580C154507FB00C559BE /* CJSONDeserializer.m */; };
		22175810154507FB00C559BE /* CJSONScanner.m in Sources */ = {isa = PBXBuildFile; fileRef = 2217580F154507FB00C559BE /* CJSONScanner.m */; };
		22175813154507FB00C559BE /* CJSONSerializer.m in Sources */ = {isa = PBXBuildFile; fileRef = 22175812154507FB00C559BE /* CJSONSerializer.m */; };
		22175818154507FB00C559BE /* FontLabel.m in Sources */ = {isa = PBXBuildFile; fileRef = 22175817154507FB00C559BE /* FontLabel.m */; };
		2217581B154507FB00C559BE /* FontLabelStringDrawing.m in Sources */ = {isa = PBXBuildFile; fileRef = 2217581A154507FB00C559BE /* FontLabelStringDrawing.m */; };
		2217581E154507FB00C559BE /* FontManager.m in Sources */ = {isa = PBXBuildFile; fileRef = 2217581D154507FB00C559BE /* FontManager.m */; };
		22175821154507FB00C559BE /* ZAttributedString.m in Sources */ = {isa = PBXBuildFile; fileRef = 22175820154507FB00C559BE /* ZAttributedString.m */; };
		22175825154507FB00C559BE /* ZFont.m in Sources */ = {isa = PBXBuildFile; fileRef = 22175824154507FB00C559BE /* ZFont.m */; };
		2217582A154507FB00C559BE /* main.m in Sources */ = {isa = PBXBuildFile; fileRef = 22175829154507FB00C559BE /* main.m */; };
		2217582D154507FB00C559BE /* AppDelegate.m in Sources */ = {isa = PBXBuildFile; fileRef = 2217582C154507FB00C559BE /* AppDelegate.m */; };
		22175830154507FB00C559BE /* RootViewController.m in Sources */ = {isa = PBXBuildFile; fileRef = 2217582F154507FB00C559BE /* RootViewController.m */; };
		22175833154507FB00C559BE /* HelloWorldLayer.m in Sources */ = {isa = PBXBuildFile; fileRef = 22175832154507FB00C559BE /* HelloWorldLayer.m */; };
		2217583B1545087700C559BE /* seeker.png in Resources */ = {isa = PBXBuildFile; fileRef = 2217583A1545087700C559BE /* seeker.png */; };
/* End PBXBuildFile section */

/* Begin PBXFileReference section */
		221756C5154507F900C559BE /* Lesson 1.app */ = {isa = PBXFileReference; explicitFileType = wrapper.application; includeInIndex = 0; path = "Lesson 1.app"; sourceTree = BUILT_PRODUCTS_DIR; };
		221756C9154507F900C559BE /* QuartzCore.framework */ = {isa = PBXFileReference; lastKnownFileType = wrapper.framework; name = QuartzCore.framework; path = System/Library/Frameworks/QuartzCore.framework; sourceTree = SDKROOT; };
		221756CB154507F900C559BE /* OpenGLES.framework */ = {isa = PBXFileReference; lastKnownFileType = wrapper.framework; name = OpenGLES.framework; path = System/Library/Frameworks/OpenGLES.framework; sourceTree = SDKROOT; };
		221756CD154507F900C559BE /* OpenAL.framework */ = {isa = PBXFileReference; lastKnownFileType = wrapper.framework; name = OpenAL.framework; path = System/Library/Frameworks/OpenAL.framework; sourceTree = SDKROOT; };
		221756CF154507F900C559BE /* AudioToolbox.framework */ = {isa = PBXFileReference; lastKnownFileType = wrapper.framework; name = AudioToolbox.framework; path = System/Library/Frameworks/AudioToolbox.framework; sourceTree = SDKROOT; };
		221756D1154507F900C559BE /* AVFoundation.framework */ = {isa = PBXFileReference; lastKnownFileType = wrapper.framework; name = AVFoundation.framework; path = System/Library/Frameworks/AVFoundation.framework; sourceTree = SDKROOT; };
		221756D3154507F900C559BE /* UIKit.framework */ = {isa = PBXFileReference; lastKnownFileType = wrapper.framework; name = UIKit.framework; path = System/Library/Frameworks/UIKit.framework; sourceTree = SDKROOT; };
		221756D5154507F900C559BE /* Foundation.framework */ = {isa = PBXFileReference; lastKnownFileType = wrapper.framework; name = Foundation.framework; path = System/Library/Frameworks/Foundation.framework; sourceTree = SDKROOT; };
		221756D7154507F900C559BE /* CoreGraphics.framework */ = {isa = PBXFileReference; lastKnownFileType = wrapper.framework; name = CoreGraphics.framework; path = System/Library/Frameworks/CoreGraphics.framework; sourceTree = SDKROOT; };
		221756DB154507F900C559BE /* Default.png */ = {isa = PBXFileReference; lastKnownFileType = image.png; name = Default.png; path = Resources/Default.png; sourceTree = "<group>"; };
		221756DD154507F900C559BE /* fps_images.png */ = {isa = PBXFileReference; lastKnownFileType = image.png; name = fps_images.png; path = Resources/fps_images.png; sourceTree = "<group>"; };
		221756DF154507F900C559BE /* Icon-72.png */ = {isa = PBXFileReference; lastKnownFileType = image.png; name = "Icon-72.png"; path = "Resources/Icon-72.png"; sourceTree = "<group>"; };
		221756E1154507F900C559BE /* Icon-Small-50.png */ = {isa = PBXFileReference; lastKnownFileType = image.png; name = "Icon-Small-50.png"; path = "Resources/Icon-Small-50.png"; sourceTree = "<group>"; };
		221756E3154507F900C559BE /* Icon-Small.png */ = {isa = PBXFileReference; lastKnownFileType = image.png; name = "Icon-Small.png"; path = "Resources/Icon-Small.png"; sourceTree = "<group>"; };
		221756E5154507F900C559BE /* Icon-Small@2x.png */ = {isa = PBXFileReference; lastKnownFileType = image.png; name = "Icon-Small@2x.png"; path = "Resources/Icon-Small@2x.png"; sourceTree = "<group>"; };
		221756E7154507F900C559BE /* Icon.png */ = {isa = PBXFileReference; lastKnownFileType = image.png; name = Icon.png; path = Resources/Icon.png; sourceTree = "<group>"; };
		221756E9154507F900C559BE /* Icon@2x.png */ = {isa = PBXFileReference; lastKnownFileType = image.png; name = "Icon@2x.png"; path = "Resources/Icon@2x.png"; sourceTree = "<group>"; };
		221756EB154507F900C559BE /* Info.plist */ = {isa = PBXFileReference; lastKnownFileType = text.plist.xml; name = Info.plist; path = Resources/Info.plist; sourceTree = "<group>"; };
		221756EC154507F900C559BE /* iTunesArtwork */ = {isa = PBXFileReference; lastKnownFileType = file; name = iTunesArtwork; path = Resources/iTunesArtwork; sourceTree = "<group>"; };
		221756F0154507F900C559BE /* CCAction.h */ = {isa = PBXFileReference; lastKnownFileType = sourcecode.c.h; name = CCAction.h; path = libs/cocos2d/CCAction.h; sourceTree = "<group>"; };
		221756F1154507F900C559BE /* CCAction.m */ = {isa = PBXFileReference; lastKnownFileType = sourcecode.c.objc; name = CCAction.m; path = libs/cocos2d/CCAction.m; sourceTree = "<group>"; };
		221756F3154507F900C559BE /* CCActionCamera.h */ = {isa = PBXFileReference; lastKnownFileType = sourcecode.c.h; name = CCActionCamera.h; path = libs/cocos2d/CCActionCamera.h; sourceTree = "<group>"; };
		221756F4154507F900C559BE /* CCActionCamera.m */ = {isa = PBXFileReference; lastKnownFileType = sourcecode.c.objc; name = CCActionCamera.m; path = libs/cocos2d/CCActionCamera.m; sourceTree = "<group>"; };
		221756F6154507F900C559BE /* CCActionEase.h */ = {isa = PBXFileReference; lastKnownFileType = sourcecode.c.h; name = CCActionEase.h; path = libs/cocos2d/CCActionEase.h; sourceTree = "<group>"; };
		221756F7154507F900C559BE /* CCActionEase.m */ = {isa = PBXFileReference; lastKnownFileType = sourcecode.c.objc; name = CCActionEase.m; path = libs/cocos2d/CCActionEase.m; sourceTree = "<group>"; };
		221756F9154507F900C559BE /* CCActionGrid.h */ = {isa = PBXFileReference; lastKnownFileType = sourcecode.c.h; name = CCActionGrid.h; path = libs/cocos2d/CCActionGrid.h; sourceTree = "<group>"; };
		221756FA154507F900C559BE /* CCActionGrid.m */ = {isa = PBXFileReference; lastKnownFileType = sourcecode.c.objc; name = CCActionGrid.m; path = libs/cocos2d/CCActionGrid.m; sourceTree = "<group>"; };
		221756FC154507F900C559BE /* CCActionGrid3D.h */ = {isa = PBXFileReference; lastKnownFileType = sourcecode.c.h; name = CCActionGrid3D.h; path = libs/cocos2d/CCActionGrid3D.h; sourceTree = "<group>"; };
		221756FD154507F900C559BE /* CCActionGrid3D.m */ = {isa = PBXFileReference; lastKnownFileType = sourcecode.c.objc; name = CCActionGrid3D.m; path = libs/cocos2d/CCActionGrid3D.m; sourceTree = "<group>"; };
		221756FF154507F900C559BE /* CCActionInstant.h */ = {isa = PBXFileReference; lastKnownFileType = sourcecode.c.h; name = CCActionInstant.h; path = libs/cocos2d/CCActionInstant.h; sourceTree = "<group>"; };
		22175700154507F900C559BE /* CCActionInstant.m */ = {isa = PBXFileReference; lastKnownFileType = sourcecode.c.objc; name = CCActionInstant.m; path = libs/cocos2d/CCActionInstant.m; sourceTree = "<group>"; };
		22175702154507F900C559BE /* CCActionInterval.h */ = {isa = PBXFileReference; lastKnownFileType = sourcecode.c.h; name = CCActionInterval.h; path = libs/cocos2d/CCActionInterval.h; sourceTree = "<group>"; };
		22175703154507F900C559BE /* CCActionInterval.m */ = {isa = PBXFileReference; lastKnownFileType = sourcecode.c.objc; name = CCActionInterval.m; path = libs/cocos2d/CCActionInterval.m; sourceTree = "<group>"; };
		22175705154507F900C559BE /* CCActionManager.h */ = {isa = PBXFileReference; lastKnownFileType = sourcecode.c.h; name = CCActionManager.h; path = libs/cocos2d/CCActionManager.h; sourceTree = "<group>"; };
		22175706154507F900C559BE /* CCActionManager.m */ = {isa = PBXFileReference; lastKnownFileType = sourcecode.c.objc; name = CCActionManager.m; path = libs/cocos2d/CCActionManager.m; sourceTree = "<group>"; };
		22175708154507F900C559BE /* CCActionPageTurn3D.h */ = {isa = PBXFileReference; lastKnownFileType = sourcecode.c.h; name = CCActionPageTurn3D.h; path = libs/cocos2d/CCActionPageTurn3D.h; sourceTree = "<group>"; };
		22175709154507F900C559BE /* CCActionPageTurn3D.m */ = {isa = PBXFileReference; lastKnownFileType = sourcecode.c.objc; name = CCActionPageTurn3D.m; path = libs/cocos2d/CCActionPageTurn3D.m; sourceTree = "<group>"; };
		2217570B154507F900C559BE /* CCActionProgressTimer.h */ = {isa = PBXFileReference; lastKnownFileType = sourcecode.c.h; name = CCActionProgressTimer.h; path = libs/cocos2d/CCActionProgressTimer.h; sourceTree = "<group>"; };
		2217570C154507F900C559BE /* CCActionProgressTimer.m */ = {isa = PBXFileReference; lastKnownFileType = sourcecode.c.objc; name = CCActionProgressTimer.m; path = libs/cocos2d/CCActionProgressTimer.m; sourceTree = "<group>"; };
		2217570E154507F900C559BE /* CCActionTiledGrid.h */ = {isa = PBXFileReference; lastKnownFileType = sourcecode.c.h; name = CCActionTiledGrid.h; path = libs/cocos2d/CCActionTiledGrid.h; sourceTree = "<group>"; };
		2217570F154507F900C559BE /* CCActionTiledGrid.m */ = {isa = PBXFileReference; lastKnownFileType = sourcecode.c.objc; name = CCActionTiledGrid.m; path = libs/cocos2d/CCActionTiledGrid.m; sourceTree = "<group>"; };
		22175711154507F900C559BE /* CCActionTween.h */ = {isa = PBXFileReference; lastKnownFileType = sourcecode.c.h; name = CCActionTween.h; path = libs/cocos2d/CCActionTween.h; sourceTree = "<group>"; };
		22175712154507F900C559BE /* CCActionTween.m */ = {isa = PBXFileReference; lastKnownFileType = sourcecode.c.objc; name = CCActionTween.m; path = libs/cocos2d/CCActionTween.m; sourceTree = "<group>"; };
		22175714154507F900C559BE /* CCAnimation.h */ = {isa = PBXFileReference; lastKnownFileType = sourcecode.c.h; name = CCAnimation.h; path = libs/cocos2d/CCAnimation.h; sourceTree = "<group>"; };
		22175715154507F900C559BE /* CCAnimation.m */ = {isa = PBXFileReference; lastKnownFileType = sourcecode.c.objc; name = CCAnimation.m; path = libs/cocos2d/CCAnimation.m; sourceTree = "<group>"; };
		22175717154507F900C559BE /* CCAnimationCache.h */ = {isa = PBXFileReference; lastKnownFileType = sourcecode.c.h; name = CCAnimationCache.h; path = libs/cocos2d/CCAnimationCache.h; sourceTree = "<group>"; };
		22175718154507F900C559BE /* CCAnimationCache.m */ = {isa = PBXFileReference; lastKnownFileType = sourcecode.c.objc; name = CCAnimationCache.m; path = libs/cocos2d/CCAnimationCache.m; sourceTree = "<group>"; };
		2217571A154507F900C559BE /* CCAtlasNode.h */ = {isa = PBXFileReference; lastKnownFileType = sourcecode.c.h; name = CCAtlasNode.h; path = libs/cocos2d/CCAtlasNode.h; sourceTree = "<group>"; };
		2217571B154507F900C559BE /* CCAtlasNode.m */ = {isa = PBXFileReference; lastKnownFileType = sourcecode.c.objc; name = CCAtlasNode.m; path = libs/cocos2d/CCAtlasNode.m; sourceTree = "<group>"; };
		2217571D154507F900C559BE /* CCBlockSupport.h */ = {isa = PBXFileReference; lastKnownFileType = sourcecode.c.h; name = CCBlockSupport.h; path = libs/cocos2d/CCBlockSupport.h; sourceTree = "<group>"; };
		2217571E154507F900C559BE /* CCBlockSupport.m */ = {isa = PBXFileReference; lastKnownFileType = sourcecode.c.objc; name = CCBlockSupport.m; path = libs/cocos2d/CCBlockSupport.m; sourceTree = "<group>"; };
		22175720154507F900C559BE /* CCCamera.h */ = {isa = PBXFileReference; lastKnownFileType = sourcecode.c.h; name = CCCamera.h; path = libs/cocos2d/CCCamera.h; sourceTree = "<group>"; };
		22175721154507F900C559BE /* CCCamera.m */ = {isa = PBXFileReference; lastKnownFileType = sourcecode.c.objc; name = CCCamera.m; path = libs/cocos2d/CCCamera.m; sourceTree = "<group>"; };
		22175723154507F900C559BE /* ccConfig.h */ = {isa = PBXFileReference; lastKnownFileType = sourcecode.c.h; name = ccConfig.h; path = libs/cocos2d/ccConfig.h; sourceTree = "<group>"; };
		22175724154507F900C559BE /* CCConfiguration.h */ = {isa = PBXFileReference; lastKnownFileType = sourcecode.c.h; name = CCConfiguration.h; path = libs/cocos2d/CCConfiguration.h; sourceTree = "<group>"; };
		22175725154507F900C559BE /* CCConfiguration.m */ = {isa = PBXFileReference; lastKnownFileType = sourcecode.c.objc; name = CCConfiguration.m; path = libs/cocos2d/CCConfiguration.m; sourceTree = "<group>"; };
		22175727154507F900C559BE /* CCDirector.h */ = {isa = PBXFileReference; lastKnownFileType = sourcecode.c.h; name = CCDirector.h; path = libs/cocos2d/CCDirector.h; sourceTree = "<group>"; };
		22175728154507F900C559BE /* CCDirector.m */ = {isa = PBXFileReference; lastKnownFileType = sourcecode.c.objc; name = CCDirector.m; path = libs/cocos2d/CCDirector.m; sourceTree = "<group>"; };
		2217572A154507F900C559BE /* CCDrawingPrimitives.h */ = {isa = PBXFileReference; lastKnownFileType = sourcecode.c.h; name = CCDrawingPrimitives.h; path = libs/cocos2d/CCDrawingPrimitives.h; sourceTree = "<group>"; };
		2217572B154507F900C559BE /* CCDrawingPrimitives.m */ = {isa = PBXFileReference; lastKnownFileType = sourcecode.c.objc; name = CCDrawingPrimitives.m; path = libs/cocos2d/CCDrawingPrimitives.m; sourceTree = "<group>"; };
		2217572D154507F900C559BE /* CCGrabber.h */ = {isa = PBXFileReference; lastKnownFileType = sourcecode.c.h; name = CCGrabber.h; path = libs/cocos2d/CCGrabber.h; sourceTree = "<group>"; };
		2217572E154507F900C559BE /* CCGrabber.m */ = {isa = PBXFileReference; lastKnownFileType = sourcecode.c.objc; name = CCGrabber.m; path = libs/cocos2d/CCGrabber.m; sourceTree = "<group>"; };
		22175730154507FA00C559BE /* CCGrid.h */ = {isa = PBXFileReference; lastKnownFileType = sourcecode.c.h; name = CCGrid.h; path = libs/cocos2d/CCGrid.h; sourceTree = "<group>"; };
		22175731154507FA00C559BE /* CCGrid.m */ = {isa = PBXFileReference; lastKnownFileType = sourcecode.c.objc; name = CCGrid.m; path = libs/cocos2d/CCGrid.m; sourceTree = "<group>"; };
		22175733154507FA00C559BE /* CCLabelAtlas.h */ = {isa = PBXFileReference; lastKnownFileType = sourcecode.c.h; name = CCLabelAtlas.h; path = libs/cocos2d/CCLabelAtlas.h; sourceTree = "<group>"; };
		22175734154507FA00C559BE /* CCLabelAtlas.m */ = {isa = PBXFileReference; lastKnownFileType = sourcecode.c.objc; name = CCLabelAtlas.m; path = libs/cocos2d/CCLabelAtlas.m; sourceTree = "<group>"; };
		22175736154507FA00C559BE /* CCLabelBMFont.h */ = {isa = PBXFileReference; lastKnownFileType = sourcecode.c.h; name = CCLabelBMFont.h; path = libs/cocos2d/CCLabelBMFont.h; sourceTree = "<group>"; };
		22175737154507FA00C559BE /* CCLabelBMFont.m */ = {isa = PBXFileReference; lastKnownFileType = sourcecode.c.objc; name = CCLabelBMFont.m; path = libs/cocos2d/CCLabelBMFont.m; sourceTree = "<group>"; };
		22175739154507FA00C559BE /* CCLabelTTF.h */ = {isa = PBXFileReference; lastKnownFileType = sourcecode.c.h; name = CCLabelTTF.h; path = libs/cocos2d/CCLabelTTF.h; sourceTree = "<group>"; };
		2217573A154507FA00C559BE /* CCLabelTTF.m */ = {isa = PBXFileReference; lastKnownFileType = sourcecode.c.objc; name = CCLabelTTF.m; path = libs/cocos2d/CCLabelTTF.m; sourceTree = "<group>"; };
		2217573C154507FA00C559BE /* CCLayer.h */ = {isa = PBXFileReference; lastKnownFileType = sourcecode.c.h; name = CCLayer.h; path = libs/cocos2d/CCLayer.h; sourceTree = "<group>"; };
		2217573D154507FA00C559BE /* CCLayer.m */ = {isa = PBXFileReference; lastKnownFileType = sourcecode.c.objc; name = CCLayer.m; path = libs/cocos2d/CCLayer.m; sourceTree = "<group>"; };
		2217573F154507FA00C559BE /* ccMacros.h */ = {isa = PBXFileReference; lastKnownFileType = sourcecode.c.h; name = ccMacros.h; path = libs/cocos2d/ccMacros.h; sourceTree = "<group>"; };
		22175740154507FA00C559BE /* CCMenu.h */ = {isa = PBXFileReference; lastKnownFileType = sourcecode.c.h; name = CCMenu.h; path = libs/cocos2d/CCMenu.h; sourceTree = "<group>"; };
		22175741154507FA00C559BE /* CCMenu.m */ = {isa = PBXFileReference; lastKnownFileType = sourcecode.c.objc; name = CCMenu.m; path = libs/cocos2d/CCMenu.m; sourceTree = "<group>"; };
		22175743154507FA00C559BE /* CCMenuItem.h */ = {isa = PBXFileReference; lastKnownFileType = sourcecode.c.h; name = CCMenuItem.h; path = libs/cocos2d/CCMenuItem.h; sourceTree = "<group>"; };
		22175744154507FA00C559BE /* CCMenuItem.m */ = {isa = PBXFileReference; lastKnownFileType = sourcecode.c.objc; name = CCMenuItem.m; path = libs/cocos2d/CCMenuItem.m; sourceTree = "<group>"; };
		22175746154507FA00C559BE /* CCMotionStreak.h */ = {isa = PBXFileReference; lastKnownFileType = sourcecode.c.h; name = CCMotionStreak.h; path = libs/cocos2d/CCMotionStreak.h; sourceTree = "<group>"; };
		22175747154507FA00C559BE /* CCMotionStreak.m */ = {isa = PBXFileReference; lastKnownFileType = sourcecode.c.objc; name = CCMotionStreak.m; path = libs/cocos2d/CCMotionStreak.m; sourceTree = "<group>"; };
		22175749154507FA00C559BE /* CCNode.h */ = {isa = PBXFileReference; lastKnownFileType = sourcecode.c.h; name = CCNode.h; path = libs/cocos2d/CCNode.h; sourceTree = "<group>"; };
		2217574A154507FA00C559BE /* CCNode.m */ = {isa = PBXFileReference; lastKnownFileType = sourcecode.c.objc; name = CCNode.m; path = libs/cocos2d/CCNode.m; sourceTree = "<group>"; };
		2217574C154507FA00C559BE /* CCParallaxNode.h */ = {isa = PBXFileReference; lastKnownFileType = sourcecode.c.h; name = CCParallaxNode.h; path = libs/cocos2d/CCParallaxNode.h; sourceTree = "<group>"; };
		2217574D154507FA00C559BE /* CCParallaxNode.m */ = {isa = PBXFileReference; lastKnownFileType = sourcecode.c.objc; name = CCParallaxNode.m; path = libs/cocos2d/CCParallaxNode.m; sourceTree = "<group>"; };
		2217574F154507FA00C559BE /* CCParticleExamples.h */ = {isa = PBXFileReference; lastKnownFileType = sourcecode.c.h; name = CCParticleExamples.h; path = libs/cocos2d/CCParticleExamples.h; sourceTree = "<group>"; };
		22175750154507FA00C559BE /* CCParticleExamples.m */ = {isa = PBXFileReference; lastKnownFileType = sourcecode.c.objc; name = CCParticleExamples.m; path = libs/cocos2d/CCParticleExamples.m; sourceTree = "<group>"; };
		22175752154507FA00C559BE /* CCParticleSystem.h */ = {isa = PBXFileReference; lastKnownFileType = sourcecode.c.h; name = CCParticleSystem.h; path = libs/cocos2d/CCParticleSystem.h; sourceTree = "<group>"; };
		22175753154507FA00C559BE /* CCParticleSystem.m */ = {isa = PBXFileReference; lastKnownFileType = sourcecode.c.objc; name = CCParticleSystem.m; path = libs/cocos2d/CCParticleSystem.m; sourceTree = "<group>"; };
		22175755154507FA00C559BE /* CCParticleSystemPoint.h */ = {isa = PBXFileReference; lastKnownFileType = sourcecode.c.h; name = CCParticleSystemPoint.h; path = libs/cocos2d/CCParticleSystemPoint.h; sourceTree = "<group>"; };
		22175756154507FA00C559BE /* CCParticleSystemPoint.m */ = {isa = PBXFileReference; lastKnownFileType = sourcecode.c.objc; name = CCParticleSystemPoint.m; path = libs/cocos2d/CCParticleSystemPoint.m; sourceTree = "<group>"; };
		22175758154507FA00C559BE /* CCParticleSystemQuad.h */ = {isa = PBXFileReference; lastKnownFileType = sourcecode.c.h; name = CCParticleSystemQuad.h; path = libs/cocos2d/CCParticleSystemQuad.h; sourceTree = "<group>"; };
		22175759154507FA00C559BE /* CCParticleSystemQuad.m */ = {isa = PBXFileReference; lastKnownFileType = sourcecode.c.objc; name = CCParticleSystemQuad.m; path = libs/cocos2d/CCParticleSystemQuad.m; sourceTree = "<group>"; };
		2217575B154507FA00C559BE /* CCProgressTimer.h */ = {isa = PBXFileReference; lastKnownFileType = sourcecode.c.h; name = CCProgressTimer.h; path = libs/cocos2d/CCProgressTimer.h; sourceTree = "<group>"; };
		2217575C154507FA00C559BE /* CCProgressTimer.m */ = {isa = PBXFileReference; lastKnownFileType = sourcecode.c.objc; name = CCProgressTimer.m; path = libs/cocos2d/CCProgressTimer.m; sourceTree = "<group>"; };
		2217575E154507FA00C559BE /* CCProtocols.h */ = {isa = PBXFileReference; lastKnownFileType = sourcecode.c.h; name = CCProtocols.h; path = libs/cocos2d/CCProtocols.h; sourceTree = "<group>"; };
		2217575F154507FA00C559BE /* CCRenderTexture.h */ = {isa = PBXFileReference; lastKnownFileType = sourcecode.c.h; name = CCRenderTexture.h; path = libs/cocos2d/CCRenderTexture.h; sourceTree = "<group>"; };
		22175760154507FA00C559BE /* CCRenderTexture.m */ = {isa = PBXFileReference; lastKnownFileType = sourcecode.c.objc; name = CCRenderTexture.m; path = libs/cocos2d/CCRenderTexture.m; sourceTree = "<group>"; };
		22175762154507FA00C559BE /* CCRibbon.h */ = {isa = PBXFileReference; lastKnownFileType = sourcecode.c.h; name = CCRibbon.h; path = libs/cocos2d/CCRibbon.h; sourceTree = "<group>"; };
		22175763154507FA00C559BE /* CCRibbon.m */ = {isa = PBXFileReference; lastKnownFileType = sourcecode.c.objc; name = CCRibbon.m; path = libs/cocos2d/CCRibbon.m; sourceTree = "<group>"; };
		22175765154507FA00C559BE /* CCScene.h */ = {isa = PBXFileReference; lastKnownFileType = sourcecode.c.h; name = CCScene.h; path = libs/cocos2d/CCScene.h; sourceTree = "<group>"; };
		22175766154507FA00C559BE /* CCScene.m */ = {isa = PBXFileReference; lastKnownFileType = sourcecode.c.objc; name = CCScene.m; path = libs/cocos2d/CCScene.m; sourceTree = "<group>"; };
		22175768154507FA00C559BE /* CCScheduler.h */ = {isa = PBXFileReference; lastKnownFileType = sourcecode.c.h; name = CCScheduler.h; path = libs/cocos2d/CCScheduler.h; sourceTree = "<group>"; };
		22175769154507FA00C559BE /* CCScheduler.m */ = {isa = PBXFileReference; lastKnownFileType = sourcecode.c.objc; name = CCScheduler.m; path = libs/cocos2d/CCScheduler.m; sourceTree = "<group>"; };
		2217576B154507FA00C559BE /* CCSprite.h */ = {isa = PBXFileReference; lastKnownFileType = sourcecode.c.h; name = CCSprite.h; path = libs/cocos2d/CCSprite.h; sourceTree = "<group>"; };
		2217576C154507FA00C559BE /* CCSprite.m */ = {isa = PBXFileReference; lastKnownFileType = sourcecode.c.objc; name = CCSprite.m; path = libs/cocos2d/CCSprite.m; sourceTree = "<group>"; };
		2217576E154507FA00C559BE /* CCSpriteBatchNode.h */ = {isa = PBXFileReference; lastKnownFileType = sourcecode.c.h; name = CCSpriteBatchNode.h; path = libs/cocos2d/CCSpriteBatchNode.h; sourceTree = "<group>"; };
		2217576F154507FA00C559BE /* CCSpriteBatchNode.m */ = {isa = PBXFileReference; lastKnownFileType = sourcecode.c.objc; name = CCSpriteBatchNode.m; path = libs/cocos2d/CCSpriteBatchNode.m; sourceTree = "<group>"; };
		22175771154507FA00C559BE /* CCSpriteFrame.h */ = {isa = PBXFileReference; lastKnownFileType = sourcecode.c.h; name = CCSpriteFrame.h; path = libs/cocos2d/CCSpriteFrame.h; sourceTree = "<group>"; };
		22175772154507FA00C559BE /* CCSpriteFrame.m */ = {isa = PBXFileReference; lastKnownFileType = sourcecode.c.objc; name = CCSpriteFrame.m; path = libs/cocos2d/CCSpriteFrame.m; sourceTree = "<group>"; };
		22175774154507FA00C559BE /* CCSpriteFrameCache.h */ = {isa = PBXFileReference; lastKnownFileType = sourcecode.c.h; name = CCSpriteFrameCache.h; path = libs/cocos2d/CCSpriteFrameCache.h; sourceTree = "<group>"; };
		22175775154507FA00C559BE /* CCSpriteFrameCache.m */ = {isa = PBXFileReference; lastKnownFileType = sourcecode.c.objc; name = CCSpriteFrameCache.m; path = libs/cocos2d/CCSpriteFrameCache.m; sourceTree = "<group>"; };
		22175777154507FA00C559BE /* CCTexture2D.h */ = {isa = PBXFileReference; lastKnownFileType = sourcecode.c.h; name = CCTexture2D.h; path = libs/cocos2d/CCTexture2D.h; sourceTree = "<group>"; };
		22175778154507FA00C559BE /* CCTexture2D.m */ = {isa = PBXFileReference; lastKnownFileType = sourcecode.c.objc; name = CCTexture2D.m; path = libs/cocos2d/CCTexture2D.m; sourceTree = "<group>"; };
		2217577A154507FA00C559BE /* CCTextureAtlas.h */ = {isa = PBXFileReference; lastKnownFileType = sourcecode.c.h; name = CCTextureAtlas.h; path = libs/cocos2d/CCTextureAtlas.h; sourceTree = "<group>"; };
		2217577B154507FA00C559BE /* CCTextureAtlas.m */ = {isa = PBXFileReference; lastKnownFileType = sourcecode.c.objc; name = CCTextureAtlas.m; path = libs/cocos2d/CCTextureAtlas.m; sourceTree = "<group>"; };
		2217577D154507FA00C559BE /* CCTextureCache.h */ = {isa = PBXFileReference; lastKnownFileType = sourcecode.c.h; name = CCTextureCache.h; path = libs/cocos2d/CCTextureCache.h; sourceTree = "<group>"; };
		2217577E154507FA00C559BE /* CCTextureCache.m */ = {isa = PBXFileReference; lastKnownFileType = sourcecode.c.objc; name = CCTextureCache.m; path = libs/cocos2d/CCTextureCache.m; sourceTree = "<group>"; };
		22175780154507FA00C559BE /* CCTexturePVR.h */ = {isa = PBXFileReference; lastKnownFileType = sourcecode.c.h; name = CCTexturePVR.h; path = libs/cocos2d/CCTexturePVR.h; sourceTree = "<group>"; };
		22175781154507FA00C559BE /* CCTexturePVR.m */ = {isa = PBXFileReference; lastKnownFileType = sourcecode.c.objc; name = CCTexturePVR.m; path = libs/cocos2d/CCTexturePVR.m; sourceTree = "<group>"; };
		22175783154507FA00C559BE /* CCTileMapAtlas.h */ = {isa = PBXFileReference; lastKnownFileType = sourcecode.c.h; name = CCTileMapAtlas.h; path = libs/cocos2d/CCTileMapAtlas.h; sourceTree = "<group>"; };
		22175784154507FA00C559BE /* CCTileMapAtlas.m */ = {isa = PBXFileReference; lastKnownFileType = sourcecode.c.objc; name = CCTileMapAtlas.m; path = libs/cocos2d/CCTileMapAtlas.m; sourceTree = "<group>"; };
		22175786154507FA00C559BE /* CCTMXLayer.h */ = {isa = PBXFileReference; lastKnownFileType = sourcecode.c.h; name = CCTMXLayer.h; path = libs/cocos2d/CCTMXLayer.h; sourceTree = "<group>"; };
		22175787154507FA00C559BE /* CCTMXLayer.m */ = {isa = PBXFileReference; lastKnownFileType = sourcecode.c.objc; name = CCTMXLayer.m; path = libs/cocos2d/CCTMXLayer.m; sourceTree = "<group>"; };
		22175789154507FA00C559BE /* CCTMXObjectGroup.h */ = {isa = PBXFileReference; lastKnownFileType = sourcecode.c.h; name = CCTMXObjectGroup.h; path = libs/cocos2d/CCTMXObjectGroup.h; sourceTree = "<group>"; };
		2217578A154507FA00C559BE /* CCTMXObjectGroup.m */ = {isa = PBXFileReference; lastKnownFileType = sourcecode.c.objc; name = CCTMXObjectGroup.m; path = libs/cocos2d/CCTMXObjectGroup.m; sourceTree = "<group>"; };
		2217578C154507FA00C559BE /* CCTMXTiledMap.h */ = {isa = PBXFileReference; lastKnownFileType = sourcecode.c.h; name = CCTMXTiledMap.h; path = libs/cocos2d/CCTMXTiledMap.h; sourceTree = "<group>"; };
		2217578D154507FA00C559BE /* CCTMXTiledMap.m */ = {isa = PBXFileReference; lastKnownFileType = sourcecode.c.objc; name = CCTMXTiledMap.m; path = libs/cocos2d/CCTMXTiledMap.m; sourceTree = "<group>"; };
		2217578F154507FA00C559BE /* CCTMXXMLParser.h */ = {isa = PBXFileReference; lastKnownFileType = sourcecode.c.h; name = CCTMXXMLParser.h; path = libs/cocos2d/CCTMXXMLParser.h; sourceTree = "<group>"; };
		22175790154507FA00C559BE /* CCTMXXMLParser.m */ = {isa = PBXFileReference; lastKnownFileType = sourcecode.c.objc; name = CCTMXXMLParser.m; path = libs/cocos2d/CCTMXXMLParser.m; sourceTree = "<group>"; };
		22175792154507FA00C559BE /* CCTransition.h */ = {isa = PBXFileReference; lastKnownFileType = sourcecode.c.h; name = CCTransition.h; path = libs/cocos2d/CCTransition.h; sourceTree = "<group>"; };
		22175793154507FA00C559BE /* CCTransition.m */ = {isa = PBXFileReference; lastKnownFileType = sourcecode.c.objc; name = CCTransition.m; path = libs/cocos2d/CCTransition.m; sourceTree = "<group>"; };
		22175795154507FA00C559BE /* CCTransitionPageTurn.h */ = {isa = PBXFileReference; lastKnownFileType = sourcecode.c.h; name = CCTransitionPageTurn.h; path = libs/cocos2d/CCTransitionPageTurn.h; sourceTree = "<group>"; };
		22175796154507FA00C559BE /* CCTransitionPageTurn.m */ = {isa = PBXFileReference; lastKnownFileType = sourcecode.c.objc; name = CCTransitionPageTurn.m; path = libs/cocos2d/CCTransitionPageTurn.m; sourceTree = "<group>"; };
		22175798154507FA00C559BE /* CCTransitionRadial.h */ = {isa = PBXFileReference; lastKnownFileType = sourcecode.c.h; name = CCTransitionRadial.h; path = libs/cocos2d/CCTransitionRadial.h; sourceTree = "<group>"; };
		22175799154507FA00C559BE /* CCTransitionRadial.m */ = {isa = PBXFileReference; lastKnownFileType = sourcecode.c.objc; name = CCTransitionRadial.m; path = libs/cocos2d/CCTransitionRadial.m; sourceTree = "<group>"; };
		2217579B154507FA00C559BE /* ccTypes.h */ = {isa = PBXFileReference; lastKnownFileType = sourcecode.c.h; name = ccTypes.h; path = libs/cocos2d/ccTypes.h; sourceTree = "<group>"; };
		2217579C154507FB00C559BE /* cocos2d.h */ = {isa = PBXFileReference; lastKnownFileType = sourcecode.c.h; name = cocos2d.h; path = libs/cocos2d/cocos2d.h; sourceTree = "<group>"; };
		2217579D154507FB00C559BE /* cocos2d.m */ = {isa = PBXFileReference; lastKnownFileType = sourcecode.c.objc; name = cocos2d.m; path = libs/cocos2d/cocos2d.m; sourceTree = "<group>"; };
		221757A0154507FB00C559BE /* CCGL.h */ = {isa = PBXFileReference; lastKnownFileType = sourcecode.c.h; name = CCGL.h; path = libs/cocos2d/Platforms/CCGL.h; sourceTree = "<group>"; };
		221757A1154507FB00C559BE /* CCNS.h */ = {isa = PBXFileReference; lastKnownFileType = sourcecode.c.h; name = CCNS.h; path = libs/cocos2d/Platforms/CCNS.h; sourceTree = "<group>"; };
		221757A3154507FB00C559BE /* CCDirectorIOS.h */ = {isa = PBXFileReference; lastKnownFileType = sourcecode.c.h; name = CCDirectorIOS.h; path = libs/cocos2d/Platforms/iOS/CCDirectorIOS.h; sourceTree = "<group>"; };
		221757A4154507FB00C559BE /* CCDirectorIOS.m */ = {isa = PBXFileReference; lastKnownFileType = sourcecode.c.objc; name = CCDirectorIOS.m; path = libs/cocos2d/Platforms/iOS/CCDirectorIOS.m; sourceTree = "<group>"; };
		221757A6154507FB00C559BE /* CCTouchDelegateProtocol.h */ = {isa = PBXFileReference; lastKnownFileType = sourcecode.c.h; name = CCTouchDelegateProtocol.h; path = libs/cocos2d/Platforms/iOS/CCTouchDelegateProtocol.h; sourceTree = "<group>"; };
		221757A7154507FB00C559BE /* CCTouchDispatcher.h */ = {isa = PBXFileReference; lastKnownFileType = sourcecode.c.h; name = CCTouchDispatcher.h; path = libs/cocos2d/Platforms/iOS/CCTouchDispatcher.h; sourceTree = "<group>"; };
		221757A8154507FB00C559BE /* CCTouchDispatcher.m */ = {isa = PBXFileReference; lastKnownFileType = sourcecode.c.objc; name = CCTouchDispatcher.m; path = libs/cocos2d/Platforms/iOS/CCTouchDispatcher.m; sourceTree = "<group>"; };
		221757AA154507FB00C559BE /* CCTouchHandler.h */ = {isa = PBXFileReference; lastKnownFileType = sourcecode.c.h; name = CCTouchHandler.h; path = libs/cocos2d/Platforms/iOS/CCTouchHandler.h; sourceTree = "<group>"; };
		221757AB154507FB00C559BE /* CCTouchHandler.m */ = {isa = PBXFileReference; lastKnownFileType = sourcecode.c.objc; name = CCTouchHandler.m; path = libs/cocos2d/Platforms/iOS/CCTouchHandler.m; sourceTree = "<group>"; };
		221757AD154507FB00C559BE /* EAGLView.h */ = {isa = PBXFileReference; lastKnownFileType = sourcecode.c.h; name = EAGLView.h; path = libs/cocos2d/Platforms/iOS/EAGLView.h; sourceTree = "<group>"; };
		221757AE154507FB00C559BE /* EAGLView.m */ = {isa = PBXFileReference; lastKnownFileType = sourcecode.c.objc; name = EAGLView.m; path = libs/cocos2d/Platforms/iOS/EAGLView.m; sourceTree = "<group>"; };
		221757B0154507FB00C559BE /* ES1Renderer.h */ = {isa = PBXFileReference; lastKnownFileType = sourcecode.c.h; name = ES1Renderer.h; path = libs/cocos2d/Platforms/iOS/ES1Renderer.h; sourceTree = "<group>"; };
		221757B1154507FB00C559BE /* ES1Renderer.m */ = {isa = PBXFileReference; lastKnownFileType = sourcecode.c.objc; name = ES1Renderer.m; path = libs/cocos2d/Platforms/iOS/ES1Renderer.m; sourceTree = "<group>"; };
		221757B3154507FB00C559BE /* ESRenderer.h */ = {isa = PBXFileReference; lastKnownFileType = sourcecode.c.h; name = ESRenderer.h; path = libs/cocos2d/Platforms/iOS/ESRenderer.h; sourceTree = "<group>"; };
		221757B4154507FB00C559BE /* glu.c */ = {isa = PBXFileReference; lastKnownFileType = sourcecode.c.c; name = glu.c; path = libs/cocos2d/Platforms/iOS/glu.c; sourceTree = "<group>"; };
		221757B6154507FB00C559BE /* glu.h */ = {isa = PBXFileReference; lastKnownFileType = sourcecode.c.h; name = glu.h; path = libs/cocos2d/Platforms/iOS/glu.h; sourceTree = "<group>"; };
		221757B8154507FB00C559BE /* CCDirectorMac.h */ = {isa = PBXFileReference; lastKnownFileType = sourcecode.c.h; name = CCDirectorMac.h; path = libs/cocos2d/Platforms/Mac/CCDirectorMac.h; sourceTree = "<group>"; };
		221757B9154507FB00C559BE /* CCDirectorMac.m */ = {isa = PBXFileReference; lastKnownFileType = sourcecode.c.objc; name = CCDirectorMac.m; path = libs/cocos2d/Platforms/Mac/CCDirectorMac.m; sourceTree = "<group>"; };
		221757BB154507FB00C559BE /* CCEventDispatcher.h */ = {isa = PBXFileReference; lastKnownFileType = sourcecode.c.h; name = CCEventDispatcher.h; path = libs/cocos2d/Platforms/Mac/CCEventDispatcher.h; sourceTree = "<group>"; };
		221757BC154507FB00C559BE /* CCEventDispatcher.m */ = {isa = PBXFileReference; lastKnownFileType = sourcecode.c.objc; name = CCEventDispatcher.m; path = libs/cocos2d/Platforms/Mac/CCEventDispatcher.m; sourceTree = "<group>"; };
		221757BE154507FB00C559BE /* MacGLView.h */ = {isa = PBXFileReference; lastKnownFileType = sourcecode.c.h; name = MacGLView.h; path = libs/cocos2d/Platforms/Mac/MacGLView.h; sourceTree = "<group>"; };
		221757BF154507FB00C559BE /* MacGLView.m */ = {isa = PBXFileReference; lastKnownFileType = sourcecode.c.objc; name = MacGLView.m; path = libs/cocos2d/Platforms/Mac/MacGLView.m; sourceTree = "<group>"; };
		221757C1154507FB00C559BE /* MacWindow.h */ = {isa = PBXFileReference; lastKnownFileType = sourcecode.c.h; name = MacWindow.h; path = libs/cocos2d/Platforms/Mac/MacWindow.h; sourceTree = "<group>"; };
		221757C2154507FB00C559BE /* MacWindow.m */ = {isa = PBXFileReference; lastKnownFileType = sourcecode.c.objc; name = MacWindow.m; path = libs/cocos2d/Platforms/Mac/MacWindow.m; sourceTree = "<group>"; };
		221757C5154507FB00C559BE /* base64.c */ = {isa = PBXFileReference; lastKnownFileType = sourcecode.c.c; name = base64.c; path = libs/cocos2d/Support/base64.c; sourceTree = "<group>"; };
		221757C7154507FB00C559BE /* base64.h */ = {isa = PBXFileReference; lastKnownFileType = sourcecode.c.h; name = base64.h; path = libs/cocos2d/Support/base64.h; sourceTree = "<group>"; };
		221757C8154507FB00C559BE /* CCArray.h */ = {isa = PBXFileReference; lastKnownFileType = sourcecode.c.h; name = CCArray.h; path = libs/cocos2d/Support/CCArray.h; sourceTree = "<group>"; };
		221757C9154507FB00C559BE /* CCArray.m */ = {isa = PBXFileReference; lastKnownFileType = sourcecode.c.objc; name = CCArray.m; path = libs/cocos2d/Support/CCArray.m; sourceTree = "<group>"; };
		221757CB154507FB00C559BE /* ccCArray.h */ = {isa = PBXFileReference; lastKnownFileType = sourcecode.c.h; name = ccCArray.h; path = libs/cocos2d/Support/ccCArray.h; sourceTree = "<group>"; };
		221757CC154507FB00C559BE /* CCFileUtils.h */ = {isa = PBXFileReference; lastKnownFileType = sourcecode.c.h; name = CCFileUtils.h; path = libs/cocos2d/Support/CCFileUtils.h; sourceTree = "<group>"; };
		221757CD154507FB00C559BE /* CCFileUtils.m */ = {isa = PBXFileReference; lastKnownFileType = sourcecode.c.objc; name = CCFileUtils.m; path = libs/cocos2d/Support/CCFileUtils.m; sourceTree = "<group>"; };
		221757CF154507FB00C559BE /* CCProfiling.h */ = {isa = PBXFileReference; lastKnownFileType = sourcecode.c.h; name = CCProfiling.h; path = libs/cocos2d/Support/CCProfiling.h; sourceTree = "<group>"; };
		221757D0154507FB00C559BE /* CCProfiling.m */ = {isa = PBXFileReference; lastKnownFileType = sourcecode.c.objc; name = CCProfiling.m; path = libs/cocos2d/Support/CCProfiling.m; sourceTree = "<group>"; };
		221757D2154507FB00C559BE /* ccUtils.c */ = {isa = PBXFileReference; lastKnownFileType = sourcecode.c.c; name = ccUtils.c; path = libs/cocos2d/Support/ccUtils.c; sourceTree = "<group>"; };
		221757D4154507FB00C559BE /* ccUtils.h */ = {isa = PBXFileReference; lastKnownFileType = sourcecode.c.h; name = ccUtils.h; path = libs/cocos2d/Support/ccUtils.h; sourceTree = "<group>"; };
		221757D5154507FB00C559BE /* CGPointExtension.h */ = {isa = PBXFileReference; lastKnownFileType = sourcecode.c.h; name = CGPointExtension.h; path = libs/cocos2d/Support/CGPointExtension.h; sourceTree = "<group>"; };
		221757D6154507FB00C559BE /* CGPointExtension.m */ = {isa = PBXFileReference; lastKnownFileType = sourcecode.c.objc; name = CGPointExtension.m; path = libs/cocos2d/Support/CGPointExtension.m; sourceTree = "<group>"; };
		221757D8154507FB00C559BE /* OpenGL_Internal.h */ = {isa = PBXFileReference; lastKnownFileType = sourcecode.c.h; name = OpenGL_Internal.h; path = libs/cocos2d/Support/OpenGL_Internal.h; sourceTree = "<group>"; };
		221757D9154507FB00C559BE /* TGAlib.h */ = {isa = PBXFileReference; lastKnownFileType = sourcecode.c.h; name = TGAlib.h; path = libs/cocos2d/Support/TGAlib.h; sourceTree = "<group>"; };
		221757DA154507FB00C559BE /* TGAlib.m */ = {isa = PBXFileReference; lastKnownFileType = sourcecode.c.objc; name = TGAlib.m; path = libs/cocos2d/Support/TGAlib.m; sourceTree = "<group>"; };
		221757DC154507FB00C559BE /* TransformUtils.h */ = {isa = PBXFileReference; lastKnownFileType = sourcecode.c.h; name = TransformUtils.h; path = libs/cocos2d/Support/TransformUtils.h; sourceTree = "<group>"; };
		221757DD154507FB00C559BE /* TransformUtils.m */ = {isa = PBXFileReference; lastKnownFileType = sourcecode.c.objc; name = TransformUtils.m; path = libs/cocos2d/Support/TransformUtils.m; sourceTree = "<group>"; };
		221757DF154507FB00C559BE /* uthash.h */ = {isa = PBXFileReference; lastKnownFileType = sourcecode.c.h; name = uthash.h; path = libs/cocos2d/Support/uthash.h; sourceTree = "<group>"; };
		221757E0154507FB00C559BE /* utlist.h */ = {isa = PBXFileReference; lastKnownFileType = sourcecode.c.h; name = utlist.h; path = libs/cocos2d/Support/utlist.h; sourceTree = "<group>"; };
		221757E1154507FB00C559BE /* ZipUtils.h */ = {isa = PBXFileReference; lastKnownFileType = sourcecode.c.h; name = ZipUtils.h; path = libs/cocos2d/Support/ZipUtils.h; sourceTree = "<group>"; };
		221757E2154507FB00C559BE /* ZipUtils.m */ = {isa = PBXFileReference; lastKnownFileType = sourcecode.c.objc; name = ZipUtils.m; path = libs/cocos2d/Support/ZipUtils.m; sourceTree = "<group>"; };
		221757E4154507FB00C559BE /* LICENSE_cocos2d.txt */ = {isa = PBXFileReference; lastKnownFileType = text; name = LICENSE_cocos2d.txt; path = libs/LICENSE_cocos2d.txt; sourceTree = "<group>"; };
		221757E6154507FB00C559BE /* CDAudioManager.h */ = {isa = PBXFileReference; lastKnownFileType = sourcecode.c.h; name = CDAudioManager.h; path = libs/CocosDenshion/CDAudioManager.h; sourceTree = "<group>"; };
		221757E7154507FB00C559BE /* CDAudioManager.m */ = {isa = PBXFileReference; lastKnownFileType = sourcecode.c.objc; name = CDAudioManager.m; path = libs/CocosDenshion/CDAudioManager.m; sourceTree = "<group>"; };
		221757E9154507FB00C559BE /* CDConfig.h */ = {isa = PBXFileReference; lastKnownFileType = sourcecode.c.h; name = CDConfig.h; path = libs/CocosDenshion/CDConfig.h; sourceTree = "<group>"; };
		221757EA154507FB00C559BE /* CDOpenALSupport.h */ = {isa = PBXFileReference; lastKnownFileType = sourcecode.c.h; name = CDOpenALSupport.h; path = libs/CocosDenshion/CDOpenALSupport.h; sourceTree = "<group>"; };
		221757EB154507FB00C559BE /* CDOpenALSupport.m */ = {isa = PBXFileReference; lastKnownFileType = sourcecode.c.objc; name = CDOpenALSupport.m; path = libs/CocosDenshion/CDOpenALSupport.m; sourceTree = "<group>"; };
		221757ED154507FB00C559BE /* CocosDenshion.h */ = {isa = PBXFileReference; lastKnownFileType = sourcecode.c.h; name = CocosDenshion.h; path = libs/CocosDenshion/CocosDenshion.h; sourceTree = "<group>"; };
		221757EE154507FB00C559BE /* CocosDenshion.m */ = {isa = PBXFileReference; lastKnownFileType = sourcecode.c.objc; name = CocosDenshion.m; path = libs/CocosDenshion/CocosDenshion.m; sourceTree = "<group>"; };
		221757F0154507FB00C559BE /* SimpleAudioEngine.h */ = {isa = PBXFileReference; lastKnownFileType = sourcecode.c.h; name = SimpleAudioEngine.h; path = libs/CocosDenshion/SimpleAudioEngine.h; sourceTree = "<group>"; };
		221757F1154507FB00C559BE /* SimpleAudioEngine.m */ = {isa = PBXFileReference; lastKnownFileType = sourcecode.c.objc; name = SimpleAudioEngine.m; path = libs/CocosDenshion/SimpleAudioEngine.m; sourceTree = "<group>"; };
		221757F3154507FB00C559BE /* LICENSE_CocosDenshion.txt */ = {isa = PBXFileReference; lastKnownFileType = text; name = LICENSE_CocosDenshion.txt; path = libs/LICENSE_CocosDenshion.txt; sourceTree = "<group>"; };
		221757F5154507FB00C559BE /* CLScoreServerPost.h */ = {isa = PBXFileReference; lastKnownFileType = sourcecode.c.h; name = CLScoreServerPost.h; path = libs/cocoslive/CLScoreServerPost.h; sourceTree = "<group>"; };
		221757F6154507FB00C559BE /* CLScoreServerPost.m */ = {isa = PBXFileReference; lastKnownFileType = sourcecode.c.objc; name = CLScoreServerPost.m; path = libs/cocoslive/CLScoreServerPost.m; sourceTree = "<group>"; };
		221757F8154507FB00C559BE /* CLScoreServerRequest.h */ = {isa = PBXFileReference; lastKnownFileType = sourcecode.c.h; name = CLScoreServerRequest.h; path = libs/cocoslive/CLScoreServerRequest.h; sourceTree = "<group>"; };
		221757F9154507FB00C559BE /* CLScoreServerRequest.m */ = {isa = PBXFileReference; lastKnownFileType = sourcecode.c.objc; name = CLScoreServerRequest.m; path = libs/cocoslive/CLScoreServerRequest.m; sourceTree = "<group>"; };
		221757FB154507FB00C559BE /* cocoslive.h */ = {isa = PBXFileReference; lastKnownFileType = sourcecode.c.h; name = cocoslive.h; path = libs/cocoslive/cocoslive.h; sourceTree = "<group>"; };
		221757FC154507FB00C559BE /* cocoslive.m */ = {isa = PBXFileReference; lastKnownFileType = sourcecode.c.objc; name = cocoslive.m; path = libs/cocoslive/cocoslive.m; sourceTree = "<group>"; };
		221757FE154507FB00C559BE /* LICENSE_TouchJSON.txt */ = {isa = PBXFileReference; lastKnownFileType = text; name = LICENSE_TouchJSON.txt; path = libs/LICENSE_TouchJSON.txt; sourceTree = "<group>"; };
		22175800154507FB00C559BE /* CDataScanner.h */ = {isa = PBXFileReference; lastKnownFileType = sourcecode.c.h; name = CDataScanner.h; path = libs/TouchJSON/CDataScanner.h; sourceTree = "<group>"; };
		22175801154507FB00C559BE /* CDataScanner.m */ = {isa = PBXFileReference; lastKnownFileType = sourcecode.c.objc; name = CDataScanner.m; path = libs/TouchJSON/CDataScanner.m; sourceTree = "<group>"; };
		22175804154507FB00C559BE /* CDataScanner_Extensions.h */ = {isa = PBXFileReference; lastKnownFileType = sourcecode.c.h; name = CDataScanner_Extensions.h; path = libs/TouchJSON/Extensions/CDataScanner_Extensions.h; sourceTree = "<group>"; };
		22175805154507FB00C559BE /* CDataScanner_Extensions.m */ = {isa = PBXFileReference; lastKnownFileType = sourcecode.c.objc; name = CDataScanner_Extensions.m; path = libs/TouchJSON/Extensions/CDataScanner_Extensions.m; sourceTree = "<group>"; };
		22175807154507FB00C559BE /* NSDictionary_JSONExtensions.h */ = {isa = PBXFileReference; lastKnownFileType = sourcecode.c.h; name = NSDictionary_JSONExtensions.h; path = libs/TouchJSON/Extensions/NSDictionary_JSONExtensions.h; sourceTree = "<group>"; };
		22175808154507FB00C559BE /* NSDictionary_JSONExtensions.m */ = {isa = PBXFileReference; lastKnownFileType = sourcecode.c.objc; name = NSDictionary_JSONExtensions.m; path = libs/TouchJSON/Extensions/NSDictionary_JSONExtensions.m; sourceTree = "<group>"; };
		2217580B154507FB00C559BE /* CJSONDeserializer.h */ = {isa = PBXFileReference; lastKnownFileType = sourcecode.c.h; name = CJSONDeserializer.h; path = libs/TouchJSON/JSON/CJSONDeserializer.h; sourceTree = "<group>"; };
		2217580C154507FB00C559BE /* CJSONDeserializer.m */ = {isa = PBXFileReference; lastKnownFileType = sourcecode.c.objc; name = CJSONDeserializer.m; path = libs/TouchJSON/JSON/CJSONDeserializer.m; sourceTree = "<group>"; };
		2217580E154507FB00C559BE /* CJSONScanner.h */ = {isa = PBXFileReference; lastKnownFileType = sourcecode.c.h; name = CJSONScanner.h; path = libs/TouchJSON/JSON/CJSONScanner.h; sourceTree = "<group>"; };
		2217580F154507FB00C559BE /* CJSONScanner.m */ = {isa = PBXFileReference; lastKnownFileType = sourcecode.c.objc; name = CJSONScanner.m; path = libs/TouchJSON/JSON/CJSONScanner.m; sourceTree = "<group>"; };
		22175811154507FB00C559BE /* CJSONSerializer.h */ = {isa = PBXFileReference; lastKnownFileType = sourcecode.c.h; name = CJSONSerializer.h; path = libs/TouchJSON/JSON/CJSONSerializer.h; sourceTree = "<group>"; };
		22175812154507FB00C559BE /* CJSONSerializer.m */ = {isa = PBXFileReference; lastKnownFileType = sourcecode.c.objc; name = CJSONSerializer.m; path = libs/TouchJSON/JSON/CJSONSerializer.m; sourceTree = "<group>"; };
		22175814154507FB00C559BE /* JSONRepresentation.h */ = {isa = PBXFileReference; lastKnownFileType = sourcecode.c.h; name = JSONRepresentation.h; path = libs/TouchJSON/JSON/JSONRepresentation.h; sourceTree = "<group>"; };
		22175816154507FB00C559BE /* FontLabel.h */ = {isa = PBXFileReference; lastKnownFileType = sourcecode.c.h; name = FontLabel.h; path = libs/FontLabel/FontLabel.h; sourceTree = "<group>"; };
		22175817154507FB00C559BE /* FontLabel.m */ = {isa = PBXFileReference; lastKnownFileType = sourcecode.c.objc; name = FontLabel.m; path = libs/FontLabel/FontLabel.m; sourceTree = "<group>"; };
		22175819154507FB00C559BE /* FontLabelStringDrawing.h */ = {isa = PBXFileReference; lastKnownFileType = sourcecode.c.h; name = FontLabelStringDrawing.h; path = libs/FontLabel/FontLabelStringDrawing.h; sourceTree = "<group>"; };
		2217581A154507FB00C559BE /* FontLabelStringDrawing.m */ = {isa = PBXFileReference; lastKnownFileType = sourcecode.c.objc; name = FontLabelStringDrawing.m; path = libs/FontLabel/FontLabelStringDrawing.m; sourceTree = "<group>"; };
		2217581C154507FB00C559BE /* FontManager.h */ = {isa = PBXFileReference; lastKnownFileType = sourcecode.c.h; name = FontManager.h; path = libs/FontLabel/FontManager.h; sourceTree = "<group>"; };
		2217581D154507FB00C559BE /* FontManager.m */ = {isa = PBXFileReference; lastKnownFileType = sourcecode.c.objc; name = FontManager.m; path = libs/FontLabel/FontManager.m; sourceTree = "<group>"; };
		2217581F154507FB00C559BE /* ZAttributedString.h */ = {isa = PBXFileReference; lastKnownFileType = sourcecode.c.h; name = ZAttributedString.h; path = libs/FontLabel/ZAttributedString.h; sourceTree = "<group>"; };
		22175820154507FB00C559BE /* ZAttributedString.m */ = {isa = PBXFileReference; lastKnownFileType = sourcecode.c.objc; name = ZAttributedString.m; path = libs/FontLabel/ZAttributedString.m; sourceTree = "<group>"; };
		22175822154507FB00C559BE /* ZAttributedStringPrivate.h */ = {isa = PBXFileReference; lastKnownFileType = sourcecode.c.h; name = ZAttributedStringPrivate.h; path = libs/FontLabel/ZAttributedStringPrivate.h; sourceTree = "<group>"; };
		22175823154507FB00C559BE /* ZFont.h */ = {isa = PBXFileReference; lastKnownFileType = sourcecode.c.h; name = ZFont.h; path = libs/FontLabel/ZFont.h; sourceTree = "<group>"; };
		22175824154507FB00C559BE /* ZFont.m */ = {isa = PBXFileReference; lastKnownFileType = sourcecode.c.objc; name = ZFont.m; path = libs/FontLabel/ZFont.m; sourceTree = "<group>"; };
		22175826154507FB00C559BE /* LICENSE_FontLabel.txt */ = {isa = PBXFileReference; lastKnownFileType = text; name = LICENSE_FontLabel.txt; path = libs/LICENSE_FontLabel.txt; sourceTree = "<group>"; };
		22175828154507FB00C559BE /* Prefix.pch */ = {isa = PBXFileReference; lastKnownFileType = sourcecode.c.h; path = Prefix.pch; sourceTree = "<group>"; };
		22175829154507FB00C559BE /* main.m */ = {isa = PBXFileReference; lastKnownFileType = sourcecode.c.objc; path = main.m; sourceTree = "<group>"; };
		2217582B154507FB00C559BE /* AppDelegate.h */ = {isa = PBXFileReference; lastKnownFileType = sourcecode.c.h; path = AppDelegate.h; sourceTree = "<group>"; };
		2217582C154507FB00C559BE /* AppDelegate.m */ = {isa = PBXFileReference; lastKnownFileType = sourcecode.c.objc; path = AppDelegate.m; sourceTree = "<group>"; };
		2217582E154507FB00C559BE /* RootViewController.h */ = {isa = PBXFileReference; lastKnownFileType = sourcecode.c.h; path = RootViewController.h; sourceTree = "<group>"; };
		2217582F154507FB00C559BE /* RootViewController.m */ = {isa = PBXFileReference; lastKnownFileType = sourcecode.c.objc; path = RootViewController.m; sourceTree = "<group>"; };
		22175831154507FB00C559BE /* HelloWorldLayer.h */ = {isa = PBXFileReference; lastKnownFileType = sourcecode.c.h; path = HelloWorldLayer.h; sourceTree = "<group>"; };
		22175832154507FB00C559BE /* HelloWorldLayer.m */ = {isa = PBXFileReference; lastKnownFileType = sourcecode.c.objc; path = HelloWorldLayer.m; sourceTree = "<group>"; };
		22175834154507FB00C559BE /* GameConfig.h */ = {isa = PBXFileReference; lastKnownFileType = sourcecode.c.h; path = GameConfig.h; sourceTree = "<group>"; };
		2217583A1545087700C559BE /* seeker.png */ = {isa = PBXFileReference; lastKnownFileType = image.png; name = seeker.png; path = Resources/seeker.png; sourceTree = "<group>"; };
/* End PBXFileReference section */

/* Begin PBXFrameworksBuildPhase section */
		221756C2154507F900C559BE /* Frameworks */ = {
			isa = PBXFrameworksBuildPhase;
			buildActionMask = 2147483647;
			files = (
				221756CA154507F900C559BE /* QuartzCore.framework in Frameworks */,
				221756CC154507F900C559BE /* OpenGLES.framework in Frameworks */,
				221756CE154507F900C559BE /* OpenAL.framework in Frameworks */,
				221756D0154507F900C559BE /* AudioToolbox.framework in Frameworks */,
				221756D2154507F900C559BE /* AVFoundation.framework in Frameworks */,
				221756D4154507F900C559BE /* UIKit.framework in Frameworks */,
				221756D6154507F900C559BE /* Foundation.framework in Frameworks */,
				221756D8154507F900C559BE /* CoreGraphics.framework in Frameworks */,
			);
			runOnlyForDeploymentPostprocessing = 0;
		};
/* End PBXFrameworksBuildPhase section */

/* Begin PBXGroup section */
		221756BA154507F900C559BE = {
			isa = PBXGroup;
			children = (
				221756D9154507F900C559BE /* Lesson 1 */,
				221756C8154507F900C559BE /* Frameworks */,
				221756C6154507F900C559BE /* Products */,
			);
			sourceTree = "<group>";
		};
		221756C6154507F900C559BE /* Products */ = {
			isa = PBXGroup;
			children = (
				221756C5154507F900C559BE /* Lesson 1.app */,
			);
			name = Products;
			sourceTree = "<group>";
		};
		221756C8154507F900C559BE /* Frameworks */ = {
			isa = PBXGroup;
			children = (
				221756C9154507F900C559BE /* QuartzCore.framework */,
				221756CB154507F900C559BE /* OpenGLES.framework */,
				221756CD154507F900C559BE /* OpenAL.framework */,
				221756CF154507F900C559BE /* AudioToolbox.framework */,
				221756D1154507F900C559BE /* AVFoundation.framework */,
				221756D3154507F900C559BE /* UIKit.framework */,
				221756D5154507F900C559BE /* Foundation.framework */,
				221756D7154507F900C559BE /* CoreGraphics.framework */,
			);
			name = Frameworks;
			sourceTree = "<group>";
		};
		221756D9154507F900C559BE /* Lesson 1 */ = {
			isa = PBXGroup;
			children = (
				2217582B154507FB00C559BE /* AppDelegate.h */,
				2217582C154507FB00C559BE /* AppDelegate.m */,
				2217582E154507FB00C559BE /* RootViewController.h */,
				2217582F154507FB00C559BE /* RootViewController.m */,
				22175831154507FB00C559BE /* HelloWorldLayer.h */,
				22175832154507FB00C559BE /* HelloWorldLayer.m */,
				22175834154507FB00C559BE /* GameConfig.h */,
				221756DA154507F900C559BE /* Resources */,
				221756EE154507F900C559BE /* libs */,
				22175827154507FB00C559BE /* Supporting Files */,
			);
			path = "Lesson 1";
			sourceTree = "<group>";
		};
		221756DA154507F900C559BE /* Resources */ = {
			isa = PBXGroup;
			children = (
				221756DB154507F900C559BE /* Default.png */,
				221756DD154507F900C559BE /* fps_images.png */,
				221756DF154507F900C559BE /* Icon-72.png */,
				221756E1154507F900C559BE /* Icon-Small-50.png */,
				221756E3154507F900C559BE /* Icon-Small.png */,
				221756E5154507F900C559BE /* Icon-Small@2x.png */,
				221756E7154507F900C559BE /* Icon.png */,
				221756E9154507F900C559BE /* Icon@2x.png */,
				221756EB154507F900C559BE /* Info.plist */,
				221756EC154507F900C559BE /* iTunesArtwork */,
				2217583A1545087700C559BE /* seeker.png */,
			);
			name = Resources;
			sourceTree = "<group>";
		};
		221756EE154507F900C559BE /* libs */ = {
			isa = PBXGroup;
			children = (
				221757E4154507FB00C559BE /* LICENSE_cocos2d.txt */,
				221757F3154507FB00C559BE /* LICENSE_CocosDenshion.txt */,
				221757FE154507FB00C559BE /* LICENSE_TouchJSON.txt */,
				22175826154507FB00C559BE /* LICENSE_FontLabel.txt */,
				221756EF154507F900C559BE /* cocos2d */,
				221757E5154507FB00C559BE /* CocosDenshion */,
				221757F4154507FB00C559BE /* cocoslive */,
				221757FF154507FB00C559BE /* TouchJSON */,
				22175815154507FB00C559BE /* FontLabel */,
			);
			name = libs;
			sourceTree = "<group>";
		};
		221756EF154507F900C559BE /* cocos2d */ = {
			isa = PBXGroup;
			children = (
				221756F0154507F900C559BE /* CCAction.h */,
				221756F1154507F900C559BE /* CCAction.m */,
				221756F3154507F900C559BE /* CCActionCamera.h */,
				221756F4154507F900C559BE /* CCActionCamera.m */,
				221756F6154507F900C559BE /* CCActionEase.h */,
				221756F7154507F900C559BE /* CCActionEase.m */,
				221756F9154507F900C559BE /* CCActionGrid.h */,
				221756FA154507F900C559BE /* CCActionGrid.m */,
				221756FC154507F900C559BE /* CCActionGrid3D.h */,
				221756FD154507F900C559BE /* CCActionGrid3D.m */,
				221756FF154507F900C559BE /* CCActionInstant.h */,
				22175700154507F900C559BE /* CCActionInstant.m */,
				22175702154507F900C559BE /* CCActionInterval.h */,
				22175703154507F900C559BE /* CCActionInterval.m */,
				22175705154507F900C559BE /* CCActionManager.h */,
				22175706154507F900C559BE /* CCActionManager.m */,
				22175708154507F900C559BE /* CCActionPageTurn3D.h */,
				22175709154507F900C559BE /* CCActionPageTurn3D.m */,
				2217570B154507F900C559BE /* CCActionProgressTimer.h */,
				2217570C154507F900C559BE /* CCActionProgressTimer.m */,
				2217570E154507F900C559BE /* CCActionTiledGrid.h */,
				2217570F154507F900C559BE /* CCActionTiledGrid.m */,
				22175711154507F900C559BE /* CCActionTween.h */,
				22175712154507F900C559BE /* CCActionTween.m */,
				22175714154507F900C559BE /* CCAnimation.h */,
				22175715154507F900C559BE /* CCAnimation.m */,
				22175717154507F900C559BE /* CCAnimationCache.h */,
				22175718154507F900C559BE /* CCAnimationCache.m */,
				2217571A154507F900C559BE /* CCAtlasNode.h */,
				2217571B154507F900C559BE /* CCAtlasNode.m */,
				2217571D154507F900C559BE /* CCBlockSupport.h */,
				2217571E154507F900C559BE /* CCBlockSupport.m */,
				22175720154507F900C559BE /* CCCamera.h */,
				22175721154507F900C559BE /* CCCamera.m */,
				22175723154507F900C559BE /* ccConfig.h */,
				22175724154507F900C559BE /* CCConfiguration.h */,
				22175725154507F900C559BE /* CCConfiguration.m */,
				22175727154507F900C559BE /* CCDirector.h */,
				22175728154507F900C559BE /* CCDirector.m */,
				2217572A154507F900C559BE /* CCDrawingPrimitives.h */,
				2217572B154507F900C559BE /* CCDrawingPrimitives.m */,
				2217572D154507F900C559BE /* CCGrabber.h */,
				2217572E154507F900C559BE /* CCGrabber.m */,
				22175730154507FA00C559BE /* CCGrid.h */,
				22175731154507FA00C559BE /* CCGrid.m */,
				22175733154507FA00C559BE /* CCLabelAtlas.h */,
				22175734154507FA00C559BE /* CCLabelAtlas.m */,
				22175736154507FA00C559BE /* CCLabelBMFont.h */,
				22175737154507FA00C559BE /* CCLabelBMFont.m */,
				22175739154507FA00C559BE /* CCLabelTTF.h */,
				2217573A154507FA00C559BE /* CCLabelTTF.m */,
				2217573C154507FA00C559BE /* CCLayer.h */,
				2217573D154507FA00C559BE /* CCLayer.m */,
				2217573F154507FA00C559BE /* ccMacros.h */,
				22175740154507FA00C559BE /* CCMenu.h */,
				22175741154507FA00C559BE /* CCMenu.m */,
				22175743154507FA00C559BE /* CCMenuItem.h */,
				22175744154507FA00C559BE /* CCMenuItem.m */,
				22175746154507FA00C559BE /* CCMotionStreak.h */,
				22175747154507FA00C559BE /* CCMotionStreak.m */,
				22175749154507FA00C559BE /* CCNode.h */,
				2217574A154507FA00C559BE /* CCNode.m */,
				2217574C154507FA00C559BE /* CCParallaxNode.h */,
				2217574D154507FA00C559BE /* CCParallaxNode.m */,
				2217574F154507FA00C559BE /* CCParticleExamples.h */,
				22175750154507FA00C559BE /* CCParticleExamples.m */,
				22175752154507FA00C559BE /* CCParticleSystem.h */,
				22175753154507FA00C559BE /* CCParticleSystem.m */,
				22175755154507FA00C559BE /* CCParticleSystemPoint.h */,
				22175756154507FA00C559BE /* CCParticleSystemPoint.m */,
				22175758154507FA00C559BE /* CCParticleSystemQuad.h */,
				22175759154507FA00C559BE /* CCParticleSystemQuad.m */,
				2217575B154507FA00C559BE /* CCProgressTimer.h */,
				2217575C154507FA00C559BE /* CCProgressTimer.m */,
				2217575E154507FA00C559BE /* CCProtocols.h */,
				2217575F154507FA00C559BE /* CCRenderTexture.h */,
				22175760154507FA00C559BE /* CCRenderTexture.m */,
				22175762154507FA00C559BE /* CCRibbon.h */,
				22175763154507FA00C559BE /* CCRibbon.m */,
				22175765154507FA00C559BE /* CCScene.h */,
				22175766154507FA00C559BE /* CCScene.m */,
				22175768154507FA00C559BE /* CCScheduler.h */,
				22175769154507FA00C559BE /* CCScheduler.m */,
				2217576B154507FA00C559BE /* CCSprite.h */,
				2217576C154507FA00C559BE /* CCSprite.m */,
				2217576E154507FA00C559BE /* CCSpriteBatchNode.h */,
				2217576F154507FA00C559BE /* CCSpriteBatchNode.m */,
				22175771154507FA00C559BE /* CCSpriteFrame.h */,
				22175772154507FA00C559BE /* CCSpriteFrame.m */,
				22175774154507FA00C559BE /* CCSpriteFrameCache.h */,
				22175775154507FA00C559BE /* CCSpriteFrameCache.m */,
				22175777154507FA00C559BE /* CCTexture2D.h */,
				22175778154507FA00C559BE /* CCTexture2D.m */,
				2217577A154507FA00C559BE /* CCTextureAtlas.h */,
				2217577B154507FA00C559BE /* CCTextureAtlas.m */,
				2217577D154507FA00C559BE /* CCTextureCache.h */,
				2217577E154507FA00C559BE /* CCTextureCache.m */,
				22175780154507FA00C559BE /* CCTexturePVR.h */,
				22175781154507FA00C559BE /* CCTexturePVR.m */,
				22175783154507FA00C559BE /* CCTileMapAtlas.h */,
				22175784154507FA00C559BE /* CCTileMapAtlas.m */,
				22175786154507FA00C559BE /* CCTMXLayer.h */,
				22175787154507FA00C559BE /* CCTMXLayer.m */,
				22175789154507FA00C559BE /* CCTMXObjectGroup.h */,
				2217578A154507FA00C559BE /* CCTMXObjectGroup.m */,
				2217578C154507FA00C559BE /* CCTMXTiledMap.h */,
				2217578D154507FA00C559BE /* CCTMXTiledMap.m */,
				2217578F154507FA00C559BE /* CCTMXXMLParser.h */,
				22175790154507FA00C559BE /* CCTMXXMLParser.m */,
				22175792154507FA00C559BE /* CCTransition.h */,
				22175793154507FA00C559BE /* CCTransition.m */,
				22175795154507FA00C559BE /* CCTransitionPageTurn.h */,
				22175796154507FA00C559BE /* CCTransitionPageTurn.m */,
				22175798154507FA00C559BE /* CCTransitionRadial.h */,
				22175799154507FA00C559BE /* CCTransitionRadial.m */,
				2217579B154507FA00C559BE /* ccTypes.h */,
				2217579C154507FB00C559BE /* cocos2d.h */,
				2217579D154507FB00C559BE /* cocos2d.m */,
				2217579F154507FB00C559BE /* Platforms */,
				221757C4154507FB00C559BE /* Support */,
			);
			name = cocos2d;
			sourceTree = "<group>";
		};
		2217579F154507FB00C559BE /* Platforms */ = {
			isa = PBXGroup;
			children = (
				221757A0154507FB00C559BE /* CCGL.h */,
				221757A1154507FB00C559BE /* CCNS.h */,
				221757A2154507FB00C559BE /* iOS */,
				221757B7154507FB00C559BE /* Mac */,
			);
			name = Platforms;
			sourceTree = "<group>";
		};
		221757A2154507FB00C559BE /* iOS */ = {
			isa = PBXGroup;
			children = (
				221757A3154507FB00C559BE /* CCDirectorIOS.h */,
				221757A4154507FB00C559BE /* CCDirectorIOS.m */,
				221757A6154507FB00C559BE /* CCTouchDelegateProtocol.h */,
				221757A7154507FB00C559BE /* CCTouchDispatcher.h */,
				221757A8154507FB00C559BE /* CCTouchDispatcher.m */,
				221757AA154507FB00C559BE /* CCTouchHandler.h */,
				221757AB154507FB00C559BE /* CCTouchHandler.m */,
				221757AD154507FB00C559BE /* EAGLView.h */,
				221757AE154507FB00C559BE /* EAGLView.m */,
				221757B0154507FB00C559BE /* ES1Renderer.h */,
				221757B1154507FB00C559BE /* ES1Renderer.m */,
				221757B3154507FB00C559BE /* ESRenderer.h */,
				221757B4154507FB00C559BE /* glu.c */,
				221757B6154507FB00C559BE /* glu.h */,
			);
			name = iOS;
			sourceTree = "<group>";
		};
		221757B7154507FB00C559BE /* Mac */ = {
			isa = PBXGroup;
			children = (
				221757B8154507FB00C559BE /* CCDirectorMac.h */,
				221757B9154507FB00C559BE /* CCDirectorMac.m */,
				221757BB154507FB00C559BE /* CCEventDispatcher.h */,
				221757BC154507FB00C559BE /* CCEventDispatcher.m */,
				221757BE154507FB00C559BE /* MacGLView.h */,
				221757BF154507FB00C559BE /* MacGLView.m */,
				221757C1154507FB00C559BE /* MacWindow.h */,
				221757C2154507FB00C559BE /* MacWindow.m */,
			);
			name = Mac;
			sourceTree = "<group>";
		};
		221757C4154507FB00C559BE /* Support */ = {
			isa = PBXGroup;
			children = (
				221757C5154507FB00C559BE /* base64.c */,
				221757C7154507FB00C559BE /* base64.h */,
				221757C8154507FB00C559BE /* CCArray.h */,
				221757C9154507FB00C559BE /* CCArray.m */,
				221757CB154507FB00C559BE /* ccCArray.h */,
				221757CC154507FB00C559BE /* CCFileUtils.h */,
				221757CD154507FB00C559BE /* CCFileUtils.m */,
				221757CF154507FB00C559BE /* CCProfiling.h */,
				221757D0154507FB00C559BE /* CCProfiling.m */,
				221757D2154507FB00C559BE /* ccUtils.c */,
				221757D4154507FB00C559BE /* ccUtils.h */,
				221757D5154507FB00C559BE /* CGPointExtension.h */,
				221757D6154507FB00C559BE /* CGPointExtension.m */,
				221757D8154507FB00C559BE /* OpenGL_Internal.h */,
				221757D9154507FB00C559BE /* TGAlib.h */,
				221757DA154507FB00C559BE /* TGAlib.m */,
				221757DC154507FB00C559BE /* TransformUtils.h */,
				221757DD154507FB00C559BE /* TransformUtils.m */,
				221757DF154507FB00C559BE /* uthash.h */,
				221757E0154507FB00C559BE /* utlist.h */,
				221757E1154507FB00C559BE /* ZipUtils.h */,
				221757E2154507FB00C559BE /* ZipUtils.m */,
			);
			name = Support;
			sourceTree = "<group>";
		};
		221757E5154507FB00C559BE /* CocosDenshion */ = {
			isa = PBXGroup;
			children = (
				221757E6154507FB00C559BE /* CDAudioManager.h */,
				221757E7154507FB00C559BE /* CDAudioManager.m */,
				221757E9154507FB00C559BE /* CDConfig.h */,
				221757EA154507FB00C559BE /* CDOpenALSupport.h */,
				221757EB154507FB00C559BE /* CDOpenALSupport.m */,
				221757ED154507FB00C559BE /* CocosDenshion.h */,
				221757EE154507FB00C559BE /* CocosDenshion.m */,
				221757F0154507FB00C559BE /* SimpleAudioEngine.h */,
				221757F1154507FB00C559BE /* SimpleAudioEngine.m */,
			);
			name = CocosDenshion;
			sourceTree = "<group>";
		};
		221757F4154507FB00C559BE /* cocoslive */ = {
			isa = PBXGroup;
			children = (
				221757F5154507FB00C559BE /* CLScoreServerPost.h */,
				221757F6154507FB00C559BE /* CLScoreServerPost.m */,
				221757F8154507FB00C559BE /* CLScoreServerRequest.h */,
				221757F9154507FB00C559BE /* CLScoreServerRequest.m */,
				221757FB154507FB00C559BE /* cocoslive.h */,
				221757FC154507FB00C559BE /* cocoslive.m */,
			);
			name = cocoslive;
			sourceTree = "<group>";
		};
		221757FF154507FB00C559BE /* TouchJSON */ = {
			isa = PBXGroup;
			children = (
				22175800154507FB00C559BE /* CDataScanner.h */,
				22175801154507FB00C559BE /* CDataScanner.m */,
				22175803154507FB00C559BE /* Extensions */,
				2217580A154507FB00C559BE /* JSON */,
			);
			name = TouchJSON;
			sourceTree = "<group>";
		};
		22175803154507FB00C559BE /* Extensions */ = {
			isa = PBXGroup;
			children = (
				22175804154507FB00C559BE /* CDataScanner_Extensions.h */,
				22175805154507FB00C559BE /* CDataScanner_Extensions.m */,
				22175807154507FB00C559BE /* NSDictionary_JSONExtensions.h */,
				22175808154507FB00C559BE /* NSDictionary_JSONExtensions.m */,
			);
			name = Extensions;
			sourceTree = "<group>";
		};
		2217580A154507FB00C559BE /* JSON */ = {
			isa = PBXGroup;
			children = (
				2217580B154507FB00C559BE /* CJSONDeserializer.h */,
				2217580C154507FB00C559BE /* CJSONDeserializer.m */,
				2217580E154507FB00C559BE /* CJSONScanner.h */,
				2217580F154507FB00C559BE /* CJSONScanner.m */,
				22175811154507FB00C559BE /* CJSONSerializer.h */,
				22175812154507FB00C559BE /* CJSONSerializer.m */,
				22175814154507FB00C559BE /* JSONRepresentation.h */,
			);
			name = JSON;
			sourceTree = "<group>";
		};
		22175815154507FB00C559BE /* FontLabel */ = {
			isa = PBXGroup;
			children = (
				22175816154507FB00C559BE /* FontLabel.h */,
				22175817154507FB00C559BE /* FontLabel.m */,
				22175819154507FB00C559BE /* FontLabelStringDrawing.h */,
				2217581A154507FB00C559BE /* FontLabelStringDrawing.m */,
				2217581C154507FB00C559BE /* FontManager.h */,
				2217581D154507FB00C559BE /* FontManager.m */,
				2217581F154507FB00C559BE /* ZAttributedString.h */,
				22175820154507FB00C559BE /* ZAttributedString.m */,
				22175822154507FB00C559BE /* ZAttributedStringPrivate.h */,
				22175823154507FB00C559BE /* ZFont.h */,
				22175824154507FB00C559BE /* ZFont.m */,
			);
			name = FontLabel;
			sourceTree = "<group>";
		};
		22175827154507FB00C559BE /* Supporting Files */ = {
			isa = PBXGroup;
			children = (
				22175828154507FB00C559BE /* Prefix.pch */,
				22175829154507FB00C559BE /* main.m */,
			);
			name = "Supporting Files";
			sourceTree = "<group>";
		};
/* End PBXGroup section */

/* Begin PBXNativeTarget section */
		221756C4154507F900C559BE /* Lesson 1 */ = {
			isa = PBXNativeTarget;
			buildConfigurationList = 22175837154507FB00C559BE /* Build configuration list for PBXNativeTarget "Lesson 1" */;
			buildPhases = (
				221756C1154507F900C559BE /* Sources */,
				221756C2154507F900C559BE /* Frameworks */,
				221756C3154507F900C559BE /* Resources */,
			);
			buildRules = (
			);
			dependencies = (
			);
			name = "Lesson 1";
			productName = "Lesson 1";
			productReference = 221756C5154507F900C559BE /* Lesson 1.app */;
			productType = "com.apple.product-type.application";
		};
/* End PBXNativeTarget section */

/* Begin PBXProject section */
		221756BC154507F900C559BE /* Project object */ = {
			isa = PBXProject;
			attributes = {
				LastUpgradeCheck = 0430;
				ORGANIZATIONNAME = "Tufts University";
			};
			buildConfigurationList = 221756BF154507F900C559BE /* Build configuration list for PBXProject "Lesson 1" */;
			compatibilityVersion = "Xcode 3.2";
			developmentRegion = English;
			hasScannedForEncodings = 0;
			knownRegions = (
				en,
			);
			mainGroup = 221756BA154507F900C559BE;
			productRefGroup = 221756C6154507F900C559BE /* Products */;
			projectDirPath = "";
			projectRoot = "";
			targets = (
				221756C4154507F900C559BE /* Lesson 1 */,
			);
		};
/* End PBXProject section */

/* Begin PBXResourcesBuildPhase section */
		221756C3154507F900C559BE /* Resources */ = {
			isa = PBXResourcesBuildPhase;
			buildActionMask = 2147483647;
			files = (
				221756DC154507F900C559BE /* Default.png in Resources */,
				221756DE154507F900C559BE /* fps_images.png in Resources */,
				221756E0154507F900C559BE /* Icon-72.png in Resources */,
				221756E2154507F900C559BE /* Icon-Small-50.png in Resources */,
				221756E4154507F900C559BE /* Icon-Small.png in Resources */,
				221756E6154507F900C559BE /* Icon-Small@2x.png in Resources */,
				221756E8154507F900C559BE /* Icon.png in Resources */,
				221756EA154507F900C559BE /* Icon@2x.png in Resources */,
				221756ED154507F900C559BE /* iTunesArtwork in Resources */,
				2217583B1545087700C559BE /* seeker.png in Resources */,
			);
			runOnlyForDeploymentPostprocessing = 0;
		};
/* End PBXResourcesBuildPhase section */

/* Begin PBXSourcesBuildPhase section */
		221756C1154507F900C559BE /* Sources */ = {
			isa = PBXSourcesBuildPhase;
			buildActionMask = 2147483647;
			files = (
				221756F2154507F900C559BE /* CCAction.m in Sources */,
				221756F5154507F900C559BE /* CCActionCamera.m in Sources */,
				221756F8154507F900C559BE /* CCActionEase.m in Sources */,
				221756FB154507F900C559BE /* CCActionGrid.m in Sources */,
				221756FE154507F900C559BE /* CCActionGrid3D.m in Sources */,
				22175701154507F900C559BE /* CCActionInstant.m in Sources */,
				22175704154507F900C559BE /* CCActionInterval.m in Sources */,
				22175707154507F900C559BE /* CCActionManager.m in Sources */,
				2217570A154507F900C559BE /* CCActionPageTurn3D.m in Sources */,
				2217570D154507F900C559BE /* CCActionProgressTimer.m in Sources */,
				22175710154507F900C559BE /* CCActionTiledGrid.m in Sources */,
				22175713154507F900C559BE /* CCActionTween.m in Sources */,
				22175716154507F900C559BE /* CCAnimation.m in Sources */,
				22175719154507F900C559BE /* CCAnimationCache.m in Sources */,
				2217571C154507F900C559BE /* CCAtlasNode.m in Sources */,
				2217571F154507F900C559BE /* CCBlockSupport.m in Sources */,
				22175722154507F900C559BE /* CCCamera.m in Sources */,
				22175726154507F900C559BE /* CCConfiguration.m in Sources */,
				22175729154507F900C559BE /* CCDirector.m in Sources */,
				2217572C154507F900C559BE /* CCDrawingPrimitives.m in Sources */,
				2217572F154507F900C559BE /* CCGrabber.m in Sources */,
				22175732154507FA00C559BE /* CCGrid.m in Sources */,
				22175735154507FA00C559BE /* CCLabelAtlas.m in Sources */,
				22175738154507FA00C559BE /* CCLabelBMFont.m in Sources */,
				2217573B154507FA00C559BE /* CCLabelTTF.m in Sources */,
				2217573E154507FA00C559BE /* CCLayer.m in Sources */,
				22175742154507FA00C559BE /* CCMenu.m in Sources */,
				22175745154507FA00C559BE /* CCMenuItem.m in Sources */,
				22175748154507FA00C559BE /* CCMotionStreak.m in Sources */,
				2217574B154507FA00C559BE /* CCNode.m in Sources */,
				2217574E154507FA00C559BE /* CCParallaxNode.m in Sources */,
				22175751154507FA00C559BE /* CCParticleExamples.m in Sources */,
				22175754154507FA00C559BE /* CCParticleSystem.m in Sources */,
				22175757154507FA00C559BE /* CCParticleSystemPoint.m in Sources */,
				2217575A154507FA00C559BE /* CCParticleSystemQuad.m in Sources */,
				2217575D154507FA00C559BE /* CCProgressTimer.m in Sources */,
				22175761154507FA00C559BE /* CCRenderTexture.m in Sources */,
				22175764154507FA00C559BE /* CCRibbon.m in Sources */,
				22175767154507FA00C559BE /* CCScene.m in Sources */,
				2217576A154507FA00C559BE /* CCScheduler.m in Sources */,
				2217576D154507FA00C559BE /* CCSprite.m in Sources */,
				22175770154507FA00C559BE /* CCSpriteBatchNode.m in Sources */,
				22175773154507FA00C559BE /* CCSpriteFrame.m in Sources */,
				22175776154507FA00C559BE /* CCSpriteFrameCache.m in Sources */,
				22175779154507FA00C559BE /* CCTexture2D.m in Sources */,
				2217577C154507FA00C559BE /* CCTextureAtlas.m in Sources */,
				2217577F154507FA00C559BE /* CCTextureCache.m in Sources */,
				22175782154507FA00C559BE /* CCTexturePVR.m in Sources */,
				22175785154507FA00C559BE /* CCTileMapAtlas.m in Sources */,
				22175788154507FA00C559BE /* CCTMXLayer.m in Sources */,
				2217578B154507FA00C559BE /* CCTMXObjectGroup.m in Sources */,
				2217578E154507FA00C559BE /* CCTMXTiledMap.m in Sources */,
				22175791154507FA00C559BE /* CCTMXXMLParser.m in Sources */,
				22175794154507FA00C559BE /* CCTransition.m in Sources */,
				22175797154507FA00C559BE /* CCTransitionPageTurn.m in Sources */,
				2217579A154507FA00C559BE /* CCTransitionRadial.m in Sources */,
				2217579E154507FB00C559BE /* cocos2d.m in Sources */,
				221757A5154507FB00C559BE /* CCDirectorIOS.m in Sources */,
				221757A9154507FB00C559BE /* CCTouchDispatcher.m in Sources */,
				221757AC154507FB00C559BE /* CCTouchHandler.m in Sources */,
				221757AF154507FB00C559BE /* EAGLView.m in Sources */,
				221757B2154507FB00C559BE /* ES1Renderer.m in Sources */,
				221757B5154507FB00C559BE /* glu.c in Sources */,
				221757BA154507FB00C559BE /* CCDirectorMac.m in Sources */,
				221757BD154507FB00C559BE /* CCEventDispatcher.m in Sources */,
				221757C0154507FB00C559BE /* MacGLView.m in Sources */,
				221757C3154507FB00C559BE /* MacWindow.m in Sources */,
				221757C6154507FB00C559BE /* base64.c in Sources */,
				221757CA154507FB00C559BE /* CCArray.m in Sources */,
				221757CE154507FB00C559BE /* CCFileUtils.m in Sources */,
				221757D1154507FB00C559BE /* CCProfiling.m in Sources */,
				221757D3154507FB00C559BE /* ccUtils.c in Sources */,
				221757D7154507FB00C559BE /* CGPointExtension.m in Sources */,
				221757DB154507FB00C559BE /* TGAlib.m in Sources */,
				221757DE154507FB00C559BE /* TransformUtils.m in Sources */,
				221757E3154507FB00C559BE /* ZipUtils.m in Sources */,
				221757E8154507FB00C559BE /* CDAudioManager.m in Sources */,
				221757EC154507FB00C559BE /* CDOpenALSupport.m in Sources */,
				221757EF154507FB00C559BE /* CocosDenshion.m in Sources */,
				221757F2154507FB00C559BE /* SimpleAudioEngine.m in Sources */,
				221757F7154507FB00C559BE /* CLScoreServerPost.m in Sources */,
				221757FA154507FB00C559BE /* CLScoreServerRequest.m in Sources */,
				221757FD154507FB00C559BE /* cocoslive.m in Sources */,
				22175802154507FB00C559BE /* CDataScanner.m in Sources */,
				22175806154507FB00C559BE /* CDataScanner_Extensions.m in Sources */,
				22175809154507FB00C559BE /* NSDictionary_JSONExtensions.m in Sources */,
				2217580D154507FB00C559BE /* CJSONDeserializer.m in Sources */,
				22175810154507FB00C559BE /* CJSONScanner.m in Sources */,
				22175813154507FB00C559BE /* CJSONSerializer.m in Sources */,
				22175818154507FB00C559BE /* FontLabel.m in Sources */,
				2217581B154507FB00C559BE /* FontLabelStringDrawing.m in Sources */,
				2217581E154507FB00C559BE /* FontManager.m in Sources */,
				22175821154507FB00C559BE /* ZAttributedString.m in Sources */,
				22175825154507FB00C559BE /* ZFont.m in Sources */,
				2217582A154507FB00C559BE /* main.m in Sources */,
				2217582D154507FB00C559BE /* AppDelegate.m in Sources */,
				22175830154507FB00C559BE /* RootViewController.m in Sources */,
				22175833154507FB00C559BE /* HelloWorldLayer.m in Sources */,
			);
			runOnlyForDeploymentPostprocessing = 0;
		};
/* End PBXSourcesBuildPhase section */

/* Begin XCBuildConfiguration section */
		22175835154507FB00C559BE /* Debug */ = {
			isa = XCBuildConfiguration;
			buildSettings = {
				ARCHS = "$(ARCHS_STANDARD_32_BIT)";
				"CODE_SIGN_IDENTITY[sdk=iphoneos*]" = "iPhone Developer";
				GCC_C_LANGUAGE_STANDARD = gnu99;
				GCC_OPTIMIZATION_LEVEL = 0;
				GCC_PREPROCESSOR_DEFINITIONS = (
					DEBUG,
					"COCOS2D_DEBUG=1",
				);
				GCC_SYMBOLS_PRIVATE_EXTERN = NO;
				GCC_VERSION = com.apple.compilers.llvmgcc42;
				GCC_WARN_ABOUT_RETURN_TYPE = YES;
				GCC_WARN_UNUSED_VARIABLE = YES;
				IPHONEOS_DEPLOYMENT_TARGET = 5.1;
				SDKROOT = iphoneos;
			};
			name = Debug;
		};
		22175836154507FB00C559BE /* Release */ = {
			isa = XCBuildConfiguration;
			buildSettings = {
				ARCHS = "$(ARCHS_STANDARD_32_BIT)";
				"CODE_SIGN_IDENTITY[sdk=iphoneos*]" = "iPhone Developer";
				GCC_C_LANGUAGE_STANDARD = gnu99;
				GCC_PREPROCESSOR_DEFINITIONS = NDEBUG;
				GCC_VERSION = com.apple.compilers.llvmgcc42;
				GCC_WARN_ABOUT_RETURN_TYPE = YES;
				GCC_WARN_UNUSED_VARIABLE = YES;
				IPHONEOS_DEPLOYMENT_TARGET = 5.1;
				OTHER_CFLAGS = "-DNS_BLOCK_ASSERTIONS=1";
				SDKROOT = iphoneos;
			};
			name = Release;
		};
		22175838154507FB00C559BE /* Debug */ = {
			isa = XCBuildConfiguration;
			buildSettings = {
				ALWAYS_SEARCH_USER_PATHS = NO;
				COPY_PHASE_STRIP = NO;
				GCC_DYNAMIC_NO_PIC = NO;
				GCC_PRECOMPILE_PREFIX_HEADER = YES;
				GCC_PREFIX_HEADER = "Lesson 1/Prefix.pch";
				"GCC_THUMB_SUPPORT[arch=armv6]" = "";
				INFOPLIST_FILE = "Lesson 1/Resources/Info.plist";
				OTHER_LDFLAGS = "-lz";
				PRODUCT_NAME = "$(TARGET_NAME)";
				WRAPPER_EXTENSION = app;
			};
			name = Debug;
		};
		22175839154507FB00C559BE /* Release */ = {
			isa = XCBuildConfiguration;
			buildSettings = {
				ALWAYS_SEARCH_USER_PATHS = NO;
				COPY_PHASE_STRIP = YES;
				GCC_PRECOMPILE_PREFIX_HEADER = YES;
				GCC_PREFIX_HEADER = "Lesson 1/Prefix.pch";
				"GCC_THUMB_SUPPORT[arch=armv6]" = "";
				INFOPLIST_FILE = "Lesson 1/Resources/Info.plist";
				OTHER_LDFLAGS = "-lz";
				PRODUCT_NAME = "$(TARGET_NAME)";
				VALIDATE_PRODUCT = YES;
				WRAPPER_EXTENSION = app;
			};
			name = Release;
		};
/* End XCBuildConfiguration section */

/* Begin XCConfigurationList section */
		221756BF154507F900C559BE /* Build configuration list for PBXProject "Lesson 1" */ = {
			isa = XCConfigurationList;
			buildConfigurations = (
				22175835154507FB00C559BE /* Debug */,
				22175836154507FB00C559BE /* Release */,
			);
			defaultConfigurationIsVisible = 0;
			defaultConfigurationName = Release;
		};
		22175837154507FB00C559BE /* Build configuration list for PBXNativeTarget "Lesson 1" */ = {
			isa = XCConfigurationList;
			buildConfigurations = (
				22175838154507FB00C559BE /* Debug */,
				22175839154507FB00C559BE /* Release */,
			);
			defaultConfigurationIsVisible = 0;
		};
/* End XCConfigurationList section */
	};
	rootObject = 221756BC154507F900C559BE /* Project object */;
}
